// !$*UTF8*$!
{
	archiveVersion = 1;
	classes = {
	};
	objectVersion = 46;
	objects = {

/* Begin PBXBuildFile section */
		1AC6FB21180E996B004C840B /* libcocos2d Mac.a in Frameworks */ = {isa = PBXBuildFile; fileRef = 1AC6FAF9180E9839004C840B /* libcocos2d Mac.a */; };
		1AC6FB30180E99EB004C840B /* libcocos2d iOS.a in Frameworks */ = {isa = PBXBuildFile; fileRef = 1AC6FB07180E9839004C840B /* libcocos2d iOS.a */; };
		1D60589F0D05DD5A006BFB54 /* Foundation.framework in Frameworks */ = {isa = PBXBuildFile; fileRef = 1D30AB110D05D00D00671497 /* Foundation.framework */; };
		288765A50DF7441C002DB57D /* CoreGraphics.framework in Frameworks */ = {isa = PBXBuildFile; fileRef = 288765A40DF7441C002DB57D /* CoreGraphics.framework */; };
		46880B8819C43A87006E1F66 /* AppDelegate.cpp in Sources */ = {isa = PBXBuildFile; fileRef = 46880B8419C43A87006E1F66 /* AppDelegate.cpp */; };
		46880B8919C43A87006E1F66 /* AppDelegate.cpp in Sources */ = {isa = PBXBuildFile; fileRef = 46880B8419C43A87006E1F66 /* AppDelegate.cpp */; };
		503AE0F817EB97AB00D1A890 /* Icon.icns in Resources */ = {isa = PBXBuildFile; fileRef = 503AE0F617EB97AB00D1A890 /* Icon.icns */; };
		503AE10017EB989F00D1A890 /* AppController.mm in Sources */ = {isa = PBXBuildFile; fileRef = 503AE0FB17EB989F00D1A890 /* AppController.mm */; };
		503AE10117EB989F00D1A890 /* main.m in Sources */ = {isa = PBXBuildFile; fileRef = 503AE0FC17EB989F00D1A890 /* main.m */; };
		503AE10217EB989F00D1A890 /* RootViewController.mm in Sources */ = {isa = PBXBuildFile; fileRef = 503AE0FF17EB989F00D1A890 /* RootViewController.mm */; };
		503AE10517EB98FF00D1A890 /* main.cpp in Sources */ = {isa = PBXBuildFile; fileRef = 503AE10317EB98FF00D1A890 /* main.cpp */; };
		503AE11B17EB9C5A00D1A890 /* IOKit.framework in Frameworks */ = {isa = PBXBuildFile; fileRef = 503AE11A17EB9C5A00D1A890 /* IOKit.framework */; };
		5087E76317EB910900C73F5D /* Foundation.framework in Frameworks */ = {isa = PBXBuildFile; fileRef = 1D30AB110D05D00D00671497 /* Foundation.framework */; };
		5087E76817EB910900C73F5D /* QuartzCore.framework in Frameworks */ = {isa = PBXBuildFile; fileRef = BF1C47EA1293683800B63C5D /* QuartzCore.framework */; };
		5087E76917EB910900C73F5D /* OpenAL.framework in Frameworks */ = {isa = PBXBuildFile; fileRef = D44C620B132DFF330009C878 /* OpenAL.framework */; };
		5087E76A17EB910900C73F5D /* AVFoundation.framework in Frameworks */ = {isa = PBXBuildFile; fileRef = D44C620D132DFF430009C878 /* AVFoundation.framework */; };
		5087E76B17EB910900C73F5D /* AudioToolbox.framework in Frameworks */ = {isa = PBXBuildFile; fileRef = D44C620F132DFF4E0009C878 /* AudioToolbox.framework */; };
		5087E77D17EB970100C73F5D /* Default-568h@2x.png in Resources */ = {isa = PBXBuildFile; fileRef = 5087E77217EB970100C73F5D /* Default-568h@2x.png */; };
		5087E77E17EB970100C73F5D /* Default.png in Resources */ = {isa = PBXBuildFile; fileRef = 5087E77317EB970100C73F5D /* Default.png */; };
		5087E77F17EB970100C73F5D /* Default@2x.png in Resources */ = {isa = PBXBuildFile; fileRef = 5087E77417EB970100C73F5D /* Default@2x.png */; };
		5087E78017EB970100C73F5D /* Icon-114.png in Resources */ = {isa = PBXBuildFile; fileRef = 5087E77517EB970100C73F5D /* Icon-114.png */; };
		5087E78117EB970100C73F5D /* Icon-120.png in Resources */ = {isa = PBXBuildFile; fileRef = 5087E77617EB970100C73F5D /* Icon-120.png */; };
		5087E78217EB970100C73F5D /* Icon-144.png in Resources */ = {isa = PBXBuildFile; fileRef = 5087E77717EB970100C73F5D /* Icon-144.png */; };
		5087E78317EB970100C73F5D /* Icon-152.png in Resources */ = {isa = PBXBuildFile; fileRef = 5087E77817EB970100C73F5D /* Icon-152.png */; };
		5087E78417EB970100C73F5D /* Icon-57.png in Resources */ = {isa = PBXBuildFile; fileRef = 5087E77917EB970100C73F5D /* Icon-57.png */; };
		5087E78517EB970100C73F5D /* Icon-72.png in Resources */ = {isa = PBXBuildFile; fileRef = 5087E77A17EB970100C73F5D /* Icon-72.png */; };
		5087E78617EB970100C73F5D /* Icon-76.png in Resources */ = {isa = PBXBuildFile; fileRef = 5087E77B17EB970100C73F5D /* Icon-76.png */; };
		5087E78917EB974C00C73F5D /* AppKit.framework in Frameworks */ = {isa = PBXBuildFile; fileRef = 5087E78817EB974C00C73F5D /* AppKit.framework */; };
		5087E78B17EB975400C73F5D /* OpenGL.framework in Frameworks */ = {isa = PBXBuildFile; fileRef = 5087E78A17EB975400C73F5D /* OpenGL.framework */; };
		50EF629617ECD46A001EB2F8 /* Icon-40.png in Resources */ = {isa = PBXBuildFile; fileRef = 50EF629217ECD46A001EB2F8 /* Icon-40.png */; };
		50EF629717ECD46A001EB2F8 /* Icon-58.png in Resources */ = {isa = PBXBuildFile; fileRef = 50EF629317ECD46A001EB2F8 /* Icon-58.png */; };
		50EF629817ECD46A001EB2F8 /* Icon-80.png in Resources */ = {isa = PBXBuildFile; fileRef = 50EF629417ECD46A001EB2F8 /* Icon-80.png */; };
		50EF629917ECD46A001EB2F8 /* Icon-100.png in Resources */ = {isa = PBXBuildFile; fileRef = 50EF629517ECD46A001EB2F8 /* Icon-100.png */; };
		50EF62A217ECD613001EB2F8 /* Icon-29.png in Resources */ = {isa = PBXBuildFile; fileRef = 50EF62A017ECD613001EB2F8 /* Icon-29.png */; };
		50EF62A317ECD613001EB2F8 /* Icon-50.png in Resources */ = {isa = PBXBuildFile; fileRef = 50EF62A117ECD613001EB2F8 /* Icon-50.png */; };
		521A8E6419F0C34300D177D7 /* Default-667h@2x.png in Resources */ = {isa = PBXBuildFile; fileRef = 521A8E6219F0C34300D177D7 /* Default-667h@2x.png */; };
		521A8E6519F0C34300D177D7 /* Default-736h@3x.png in Resources */ = {isa = PBXBuildFile; fileRef = 521A8E6319F0C34300D177D7 /* Default-736h@3x.png */; };
		711D06E01E3D2F3F006223B3 /* Security.framework in Frameworks */ = {isa = PBXBuildFile; fileRef = 711D06DF1E3D2F3F006223B3 /* Security.framework */; };
		711D06E31E3D2F4D006223B3 /* CoreText.framework in Frameworks */ = {isa = PBXBuildFile; fileRef = 711D06E21E3D2F4D006223B3 /* CoreText.framework */; };
		711D06E51E3D2F5C006223B3 /* CoreMotion.framework in Frameworks */ = {isa = PBXBuildFile; fileRef = 711D06E41E3D2F5C006223B3 /* CoreMotion.framework */; };
		711D06E71E3D2F6A006223B3 /* UIKit.framework in Frameworks */ = {isa = PBXBuildFile; fileRef = 711D06E61E3D2F6A006223B3 /* UIKit.framework */; };
		711D06E91E3D2F77006223B3 /* OpenGLES.framework in Frameworks */ = {isa = PBXBuildFile; fileRef = 711D06E81E3D2F77006223B3 /* OpenGLES.framework */; };
		711D07061E3D3609006223B3 /* libSmartFoxClientApi.a in Frameworks */ = {isa = PBXBuildFile; fileRef = 711D06FF1E3D346C006223B3 /* libSmartFoxClientApi.a */; };
		711D07091E3D360F006223B3 /* libboost_system.a in Frameworks */ = {isa = PBXBuildFile; fileRef = 711D07071E3D360F006223B3 /* libboost_system.a */; };
		711D070A1E3D360F006223B3 /* libboost_thread.a in Frameworks */ = {isa = PBXBuildFile; fileRef = 711D07081E3D360F006223B3 /* libboost_thread.a */; };
		715FE34A1E425118009E3B13 /* StarshipNode.cpp in Sources */ = {isa = PBXBuildFile; fileRef = 715FE3461E425118009E3B13 /* StarshipNode.cpp */; };
		715FE34B1E425118009E3B13 /* WeaponShot.cpp in Sources */ = {isa = PBXBuildFile; fileRef = 715FE3481E425118009E3B13 /* WeaponShot.cpp */; };
		715FE34D1E4251E0009E3B13 /* libz.tbd in Frameworks */ = {isa = PBXBuildFile; fileRef = 715FE34C1E4251E0009E3B13 /* libz.tbd */; };
		715FE34F1E42520B009E3B13 /* libiconv.tbd in Frameworks */ = {isa = PBXBuildFile; fileRef = 715FE34E1E42520B009E3B13 /* libiconv.tbd */; };
		715FE3561E425305009E3B13 /* Fire_Button_Normal.png in Resources */ = {isa = PBXBuildFile; fileRef = 715FE3501E425305009E3B13 /* Fire_Button_Normal.png */; };
		715FE3571E425305009E3B13 /* Fire_Button_Pressed.png in Resources */ = {isa = PBXBuildFile; fileRef = 715FE3511E425305009E3B13 /* Fire_Button_Pressed.png */; };
		715FE3581E425305009E3B13 /* Left_Button_Normal.png in Resources */ = {isa = PBXBuildFile; fileRef = 715FE3521E425305009E3B13 /* Left_Button_Normal.png */; };
		715FE3591E425305009E3B13 /* Left_Button_Pressed.png in Resources */ = {isa = PBXBuildFile; fileRef = 715FE3531E425305009E3B13 /* Left_Button_Pressed.png */; };
		715FE35A1E425305009E3B13 /* Thrust_Button_Normal.png in Resources */ = {isa = PBXBuildFile; fileRef = 715FE3541E425305009E3B13 /* Thrust_Button_Normal.png */; };
		715FE35B1E425305009E3B13 /* Thrust_Button_Pressed.png in Resources */ = {isa = PBXBuildFile; fileRef = 715FE3551E425305009E3B13 /* Thrust_Button_Pressed.png */; };
		717668221E3D0E55005D39F0 /* ServerConnector.cpp in Sources */ = {isa = PBXBuildFile; fileRef = 717668201E3D0E55005D39F0 /* ServerConnector.cpp */; };
		717668641E3D0F39005D39F0 /* bg_starfield1.jpg in Resources */ = {isa = PBXBuildFile; fileRef = 717668331E3D0F39005D39F0 /* bg_starfield1.jpg */; };
		717668651E3D0F39005D39F0 /* bg_starfield2.png in Resources */ = {isa = PBXBuildFile; fileRef = 717668341E3D0F39005D39F0 /* bg_starfield2.png */; };
		717668661E3D0F39005D39F0 /* button_play.png in Resources */ = {isa = PBXBuildFile; fileRef = 717668351E3D0F39005D39F0 /* button_play.png */; };
		717668671E3D0F39005D39F0 /* explosion_0001.png in Resources */ = {isa = PBXBuildFile; fileRef = 717668361E3D0F39005D39F0 /* explosion_0001.png */; };
		717668681E3D0F39005D39F0 /* explosion_0002.png in Resources */ = {isa = PBXBuildFile; fileRef = 717668371E3D0F39005D39F0 /* explosion_0002.png */; };
		717668691E3D0F39005D39F0 /* explosion_0003.png in Resources */ = {isa = PBXBuildFile; fileRef = 717668381E3D0F39005D39F0 /* explosion_0003.png */; };
		7176686A1E3D0F39005D39F0 /* explosion_0004.png in Resources */ = {isa = PBXBuildFile; fileRef = 717668391E3D0F39005D39F0 /* explosion_0004.png */; };
		7176686B1E3D0F39005D39F0 /* explosion_0005.png in Resources */ = {isa = PBXBuildFile; fileRef = 7176683A1E3D0F39005D39F0 /* explosion_0005.png */; };
		7176686C1E3D0F39005D39F0 /* explosion_0006.png in Resources */ = {isa = PBXBuildFile; fileRef = 7176683B1E3D0F39005D39F0 /* explosion_0006.png */; };
		7176686D1E3D0F39005D39F0 /* explosion_0007.png in Resources */ = {isa = PBXBuildFile; fileRef = 7176683C1E3D0F39005D39F0 /* explosion_0007.png */; };
		7176686E1E3D0F39005D39F0 /* explosion_0008.png in Resources */ = {isa = PBXBuildFile; fileRef = 7176683D1E3D0F39005D39F0 /* explosion_0008.png */; };
		7176686F1E3D0F39005D39F0 /* explosion_0009.png in Resources */ = {isa = PBXBuildFile; fileRef = 7176683E1E3D0F39005D39F0 /* explosion_0009.png */; };
		717668701E3D0F39005D39F0 /* explosion_0010.png in Resources */ = {isa = PBXBuildFile; fileRef = 7176683F1E3D0F39005D39F0 /* explosion_0010.png */; };
		717668711E3D0F39005D39F0 /* explosion_0011.png in Resources */ = {isa = PBXBuildFile; fileRef = 717668401E3D0F39005D39F0 /* explosion_0011.png */; };
		717668721E3D0F39005D39F0 /* fonts in Resources */ = {isa = PBXBuildFile; fileRef = 717668411E3D0F39005D39F0 /* fonts */; };
		717668731E3D0F39005D39F0 /* ship_astro_0001.png in Resources */ = {isa = PBXBuildFile; fileRef = 717668421E3D0F39005D39F0 /* ship_astro_0001.png */; };
		717668741E3D0F39005D39F0 /* ship_astro_0002.png in Resources */ = {isa = PBXBuildFile; fileRef = 717668431E3D0F39005D39F0 /* ship_astro_0002.png */; };
		717668751E3D0F39005D39F0 /* ship_astro_0003.png in Resources */ = {isa = PBXBuildFile; fileRef = 717668441E3D0F39005D39F0 /* ship_astro_0003.png */; };
		717668761E3D0F39005D39F0 /* ship_menu_astro.png in Resources */ = {isa = PBXBuildFile; fileRef = 717668451E3D0F39005D39F0 /* ship_menu_astro.png */; };
		717668771E3D0F39005D39F0 /* ship_menu_raptor.png in Resources */ = {isa = PBXBuildFile; fileRef = 717668461E3D0F39005D39F0 /* ship_menu_raptor.png */; };
		717668781E3D0F39005D39F0 /* ship_menu_viking.png in Resources */ = {isa = PBXBuildFile; fileRef = 717668471E3D0F39005D39F0 /* ship_menu_viking.png */; };
		717668791E3D0F39005D39F0 /* ship_raptor_0001.png in Resources */ = {isa = PBXBuildFile; fileRef = 717668481E3D0F39005D39F0 /* ship_raptor_0001.png */; };
		7176687A1E3D0F39005D39F0 /* ship_raptor_0002.png in Resources */ = {isa = PBXBuildFile; fileRef = 717668491E3D0F39005D39F0 /* ship_raptor_0002.png */; };
		7176687B1E3D0F39005D39F0 /* ship_raptor_0003.png in Resources */ = {isa = PBXBuildFile; fileRef = 7176684A1E3D0F39005D39F0 /* ship_raptor_0003.png */; };
		7176687C1E3D0F39005D39F0 /* ship_viking_0001.png in Resources */ = {isa = PBXBuildFile; fileRef = 7176684B1E3D0F39005D39F0 /* ship_viking_0001.png */; };
		7176687D1E3D0F39005D39F0 /* ship_viking_0002.png in Resources */ = {isa = PBXBuildFile; fileRef = 7176684C1E3D0F39005D39F0 /* ship_viking_0002.png */; };
		7176687E1E3D0F39005D39F0 /* ship_viking_0003.png in Resources */ = {isa = PBXBuildFile; fileRef = 7176684D1E3D0F39005D39F0 /* ship_viking_0003.png */; };
		7176687F1E3D0F39005D39F0 /* system_menu_sol.png in Resources */ = {isa = PBXBuildFile; fileRef = 7176684E1E3D0F39005D39F0 /* system_menu_sol.png */; };
		717668801E3D0F39005D39F0 /* title.png in Resources */ = {isa = PBXBuildFile; fileRef = 7176684F1E3D0F39005D39F0 /* title.png */; };
		717668811E3D0F39005D39F0 /* username_bg.png in Resources */ = {isa = PBXBuildFile; fileRef = 717668501E3D0F39005D39F0 /* username_bg.png */; };
		717668821E3D0F39005D39F0 /* weapon_torpedo_0001.png in Resources */ = {isa = PBXBuildFile; fileRef = 717668511E3D0F39005D39F0 /* weapon_torpedo_0001.png */; };
		717668831E3D0F39005D39F0 /* weapon_torpedo_0002.png in Resources */ = {isa = PBXBuildFile; fileRef = 717668521E3D0F39005D39F0 /* weapon_torpedo_0002.png */; };
		717668841E3D0F39005D39F0 /* weapon_torpedo_0003.png in Resources */ = {isa = PBXBuildFile; fileRef = 717668531E3D0F39005D39F0 /* weapon_torpedo_0003.png */; };
		717668851E3D0F39005D39F0 /* weapon_torpedo_0004.png in Resources */ = {isa = PBXBuildFile; fileRef = 717668541E3D0F39005D39F0 /* weapon_torpedo_0004.png */; };
		717668861E3D0F39005D39F0 /* weapon_torpedo_0005.png in Resources */ = {isa = PBXBuildFile; fileRef = 717668551E3D0F39005D39F0 /* weapon_torpedo_0005.png */; };
		717668871E3D0F39005D39F0 /* weapon_torpedo_0006.png in Resources */ = {isa = PBXBuildFile; fileRef = 717668561E3D0F39005D39F0 /* weapon_torpedo_0006.png */; };
		717668881E3D0F39005D39F0 /* weapon_torpedo_0007.png in Resources */ = {isa = PBXBuildFile; fileRef = 717668571E3D0F39005D39F0 /* weapon_torpedo_0007.png */; };
		717668891E3D0F39005D39F0 /* weapon_torpedo_0008.png in Resources */ = {isa = PBXBuildFile; fileRef = 717668581E3D0F39005D39F0 /* weapon_torpedo_0008.png */; };
		7176688A1E3D0F39005D39F0 /* weapon_torpedo_0009.png in Resources */ = {isa = PBXBuildFile; fileRef = 717668591E3D0F39005D39F0 /* weapon_torpedo_0009.png */; };
		7176688B1E3D0F39005D39F0 /* weapon_torpedo_0010.png in Resources */ = {isa = PBXBuildFile; fileRef = 7176685A1E3D0F39005D39F0 /* weapon_torpedo_0010.png */; };
		7176688C1E3D0F39005D39F0 /* weapon_torpedo_0011.png in Resources */ = {isa = PBXBuildFile; fileRef = 7176685B1E3D0F39005D39F0 /* weapon_torpedo_0011.png */; };
		7176688D1E3D0F39005D39F0 /* weapon_torpedo_0012.png in Resources */ = {isa = PBXBuildFile; fileRef = 7176685C1E3D0F39005D39F0 /* weapon_torpedo_0012.png */; };
		7176688E1E3D0F39005D39F0 /* weapon_torpedo_0013.png in Resources */ = {isa = PBXBuildFile; fileRef = 7176685D1E3D0F39005D39F0 /* weapon_torpedo_0013.png */; };
		7176688F1E3D0F39005D39F0 /* weapon_torpedo_0014.png in Resources */ = {isa = PBXBuildFile; fileRef = 7176685E1E3D0F39005D39F0 /* weapon_torpedo_0014.png */; };
		717668901E3D0F39005D39F0 /* weapon_torpedo_0015.png in Resources */ = {isa = PBXBuildFile; fileRef = 7176685F1E3D0F39005D39F0 /* weapon_torpedo_0015.png */; };
		717668911E3D0F39005D39F0 /* weapon_torpedo_0016.png in Resources */ = {isa = PBXBuildFile; fileRef = 717668601E3D0F39005D39F0 /* weapon_torpedo_0016.png */; };
		717668921E3D0F39005D39F0 /* weapon_torpedo_0017.png in Resources */ = {isa = PBXBuildFile; fileRef = 717668611E3D0F39005D39F0 /* weapon_torpedo_0017.png */; };
		717668931E3D0F39005D39F0 /* weapon_torpedo_0018.png in Resources */ = {isa = PBXBuildFile; fileRef = 717668621E3D0F39005D39F0 /* weapon_torpedo_0018.png */; };
		717668941E3D0F39005D39F0 /* weapon_torpedo_0019.png in Resources */ = {isa = PBXBuildFile; fileRef = 717668631E3D0F39005D39F0 /* weapon_torpedo_0019.png */; };
		7176689E1E3D0FC3005D39F0 /* GameItem.cpp in Sources */ = {isa = PBXBuildFile; fileRef = 7176689A1E3D0FC3005D39F0 /* GameItem.cpp */; };
		7176689F1E3D0FC3005D39F0 /* Starship.cpp in Sources */ = {isa = PBXBuildFile; fileRef = 7176689C1E3D0FC3005D39F0 /* Starship.cpp */; };
		717668AD1E3D0FED005D39F0 /* BaseScene.cpp in Sources */ = {isa = PBXBuildFile; fileRef = 717668A31E3D0FED005D39F0 /* BaseScene.cpp */; };
		717668AE1E3D0FED005D39F0 /* GameScene.cpp in Sources */ = {isa = PBXBuildFile; fileRef = 717668A51E3D0FED005D39F0 /* GameScene.cpp */; };
		717668AF1E3D0FED005D39F0 /* LoginScene.cpp in Sources */ = {isa = PBXBuildFile; fileRef = 717668A71E3D0FED005D39F0 /* LoginScene.cpp */; };
		717668B01E3D0FED005D39F0 /* ShipScene.cpp in Sources */ = {isa = PBXBuildFile; fileRef = 717668AB1E3D0FED005D39F0 /* ShipScene.cpp */; };
		719FF81E1E3E4E71007ED3AB /* BaseScene.cpp in Sources */ = {isa = PBXBuildFile; fileRef = 717668A31E3D0FED005D39F0 /* BaseScene.cpp */; };
		719FF81F1E3E4E71007ED3AB /* GameScene.cpp in Sources */ = {isa = PBXBuildFile; fileRef = 717668A51E3D0FED005D39F0 /* GameScene.cpp */; };
		719FF8201E3E4E71007ED3AB /* LoginScene.cpp in Sources */ = {isa = PBXBuildFile; fileRef = 717668A71E3D0FED005D39F0 /* LoginScene.cpp */; };
		719FF8211E3E4E71007ED3AB /* ShipScene.cpp in Sources */ = {isa = PBXBuildFile; fileRef = 717668AB1E3D0FED005D39F0 /* ShipScene.cpp */; };
		719FF8221E3E4E79007ED3AB /* GameItem.cpp in Sources */ = {isa = PBXBuildFile; fileRef = 7176689A1E3D0FC3005D39F0 /* GameItem.cpp */; };
		719FF8231E3E4E79007ED3AB /* Starship.cpp in Sources */ = {isa = PBXBuildFile; fileRef = 7176689C1E3D0FC3005D39F0 /* Starship.cpp */; };
		719FF8241E3E4E79007ED3AB /* ServerConnector.cpp in Sources */ = {isa = PBXBuildFile; fileRef = 717668201E3D0E55005D39F0 /* ServerConnector.cpp */; };
		8262943E1AAF051F00CB7CF7 /* Security.framework in Frameworks */ = {isa = PBXBuildFile; fileRef = 8262943D1AAF051F00CB7CF7 /* Security.framework */; };
		BF1C47F01293687400B63C5D /* QuartzCore.framework in Frameworks */ = {isa = PBXBuildFile; fileRef = BF1C47EA1293683800B63C5D /* QuartzCore.framework */; };
		D44C620C132DFF330009C878 /* OpenAL.framework in Frameworks */ = {isa = PBXBuildFile; fileRef = D44C620B132DFF330009C878 /* OpenAL.framework */; };
		D44C620E132DFF430009C878 /* AVFoundation.framework in Frameworks */ = {isa = PBXBuildFile; fileRef = D44C620D132DFF430009C878 /* AVFoundation.framework */; };
		D44C6210132DFF4E0009C878 /* AudioToolbox.framework in Frameworks */ = {isa = PBXBuildFile; fileRef = D44C620F132DFF4E0009C878 /* AudioToolbox.framework */; };
/* End PBXBuildFile section */

/* Begin PBXContainerItemProxy section */
		1AC6FAF8180E9839004C840B /* PBXContainerItemProxy */ = {
			isa = PBXContainerItemProxy;
			containerPortal = 1AC6FAE5180E9839004C840B /* cocos2d_libs.xcodeproj */;
			proxyType = 2;
			remoteGlobalIDString = 1551A33F158F2AB200E66CFE;
			remoteInfo = "cocos2dx Mac";
		};
		1AC6FB06180E9839004C840B /* PBXContainerItemProxy */ = {
			isa = PBXContainerItemProxy;
			containerPortal = 1AC6FAE5180E9839004C840B /* cocos2d_libs.xcodeproj */;
			proxyType = 2;
			remoteGlobalIDString = A07A4D641783777C0073F6A7;
			remoteInfo = "cocos2dx iOS";
		};
		1AC6FB15180E9959004C840B /* PBXContainerItemProxy */ = {
			isa = PBXContainerItemProxy;
			containerPortal = 1AC6FAE5180E9839004C840B /* cocos2d_libs.xcodeproj */;
			proxyType = 1;
			remoteGlobalIDString = 1551A33E158F2AB200E66CFE;
			remoteInfo = "cocos2dx Mac";
		};
		1AC6FB24180E99E1004C840B /* PBXContainerItemProxy */ = {
			isa = PBXContainerItemProxy;
			containerPortal = 1AC6FAE5180E9839004C840B /* cocos2d_libs.xcodeproj */;
			proxyType = 1;
			remoteGlobalIDString = A07A4C241783777C0073F6A7;
			remoteInfo = "cocos2dx iOS";
		};
		711D06FE1E3D346C006223B3 /* PBXContainerItemProxy */ = {
			isa = PBXContainerItemProxy;
			containerPortal = 711D06FA1E3D346C006223B3 /* SmartFoxClientApi.xcodeproj */;
			proxyType = 2;
			remoteGlobalIDString = 717667D71E3CC560005D39F0;
			remoteInfo = SmartFoxClientApi;
		};
		711D07041E3D3510006223B3 /* PBXContainerItemProxy */ = {
			isa = PBXContainerItemProxy;
			containerPortal = 711D06FA1E3D346C006223B3 /* SmartFoxClientApi.xcodeproj */;
			proxyType = 1;
			remoteGlobalIDString = 717667D61E3CC560005D39F0;
			remoteInfo = SmartFoxClientApi;
		};
		7176681E1E3D0E4A005D39F0 /* PBXContainerItemProxy */ = {
			isa = PBXContainerItemProxy;
			containerPortal = 1AC6FAE5180E9839004C840B /* cocos2d_libs.xcodeproj */;
			proxyType = 2;
			remoteGlobalIDString = 507B40FD1C31BDD30067B53E;
			remoteInfo = "libcocos2d tvOS";
		};
/* End PBXContainerItemProxy section */

/* Begin PBXFileReference section */
		1AC6FAE5180E9839004C840B /* cocos2d_libs.xcodeproj */ = {isa = PBXFileReference; lastKnownFileType = "wrapper.pb-project"; name = cocos2d_libs.xcodeproj; path = ../cocos2d/build/cocos2d_libs.xcodeproj; sourceTree = "<group>"; };
		1D30AB110D05D00D00671497 /* Foundation.framework */ = {isa = PBXFileReference; lastKnownFileType = wrapper.framework; name = Foundation.framework; path = System/Library/Frameworks/Foundation.framework; sourceTree = SDKROOT; };
		1D6058910D05DD3D006BFB54 /* SpaceWar-mobile.app */ = {isa = PBXFileReference; explicitFileType = wrapper.application; includeInIndex = 0; path = "SpaceWar-mobile.app"; sourceTree = BUILT_PRODUCTS_DIR; };
		288765A40DF7441C002DB57D /* CoreGraphics.framework */ = {isa = PBXFileReference; lastKnownFileType = wrapper.framework; name = CoreGraphics.framework; path = System/Library/Frameworks/CoreGraphics.framework; sourceTree = SDKROOT; };
		46880B8419C43A87006E1F66 /* AppDelegate.cpp */ = {isa = PBXFileReference; fileEncoding = 4; lastKnownFileType = sourcecode.cpp.cpp; path = AppDelegate.cpp; sourceTree = "<group>"; };
		46880B8519C43A87006E1F66 /* AppDelegate.h */ = {isa = PBXFileReference; fileEncoding = 4; lastKnownFileType = sourcecode.c.h; path = AppDelegate.h; sourceTree = "<group>"; };
		503AE0F617EB97AB00D1A890 /* Icon.icns */ = {isa = PBXFileReference; lastKnownFileType = image.icns; path = Icon.icns; sourceTree = "<group>"; };
		503AE0F717EB97AB00D1A890 /* Info.plist */ = {isa = PBXFileReference; fileEncoding = 4; lastKnownFileType = text.plist.xml; path = Info.plist; sourceTree = "<group>"; };
		503AE0FA17EB989F00D1A890 /* AppController.h */ = {isa = PBXFileReference; fileEncoding = 4; lastKnownFileType = sourcecode.c.h; name = AppController.h; path = ios/AppController.h; sourceTree = SOURCE_ROOT; };
		503AE0FB17EB989F00D1A890 /* AppController.mm */ = {isa = PBXFileReference; fileEncoding = 4; lastKnownFileType = sourcecode.cpp.objcpp; name = AppController.mm; path = ios/AppController.mm; sourceTree = SOURCE_ROOT; };
		503AE0FC17EB989F00D1A890 /* main.m */ = {isa = PBXFileReference; fileEncoding = 4; lastKnownFileType = sourcecode.c.objc; name = main.m; path = ios/main.m; sourceTree = SOURCE_ROOT; };
		503AE0FD17EB989F00D1A890 /* Prefix.pch */ = {isa = PBXFileReference; fileEncoding = 4; lastKnownFileType = sourcecode.c.h; name = Prefix.pch; path = ios/Prefix.pch; sourceTree = SOURCE_ROOT; };
		503AE0FE17EB989F00D1A890 /* RootViewController.h */ = {isa = PBXFileReference; fileEncoding = 4; lastKnownFileType = sourcecode.c.h; name = RootViewController.h; path = ios/RootViewController.h; sourceTree = SOURCE_ROOT; };
		503AE0FF17EB989F00D1A890 /* RootViewController.mm */ = {isa = PBXFileReference; fileEncoding = 4; lastKnownFileType = sourcecode.cpp.objcpp; name = RootViewController.mm; path = ios/RootViewController.mm; sourceTree = SOURCE_ROOT; };
		503AE10317EB98FF00D1A890 /* main.cpp */ = {isa = PBXFileReference; fileEncoding = 4; lastKnownFileType = sourcecode.cpp.cpp; name = main.cpp; path = mac/main.cpp; sourceTree = "<group>"; };
		503AE10417EB98FF00D1A890 /* Prefix.pch */ = {isa = PBXFileReference; fileEncoding = 4; lastKnownFileType = sourcecode.c.h; name = Prefix.pch; path = mac/Prefix.pch; sourceTree = "<group>"; };
		503AE11A17EB9C5A00D1A890 /* IOKit.framework */ = {isa = PBXFileReference; lastKnownFileType = wrapper.framework; name = IOKit.framework; path = System/Library/Frameworks/IOKit.framework; sourceTree = SDKROOT; };
		5087E76F17EB910900C73F5D /* SpaceWar-desktop.app */ = {isa = PBXFileReference; explicitFileType = wrapper.application; includeInIndex = 0; path = "SpaceWar-desktop.app"; sourceTree = BUILT_PRODUCTS_DIR; };
		5087E77217EB970100C73F5D /* Default-568h@2x.png */ = {isa = PBXFileReference; lastKnownFileType = image.png; path = "Default-568h@2x.png"; sourceTree = "<group>"; };
		5087E77317EB970100C73F5D /* Default.png */ = {isa = PBXFileReference; lastKnownFileType = image.png; path = Default.png; sourceTree = "<group>"; };
		5087E77417EB970100C73F5D /* Default@2x.png */ = {isa = PBXFileReference; lastKnownFileType = image.png; path = "Default@2x.png"; sourceTree = "<group>"; };
		5087E77517EB970100C73F5D /* Icon-114.png */ = {isa = PBXFileReference; lastKnownFileType = image.png; path = "Icon-114.png"; sourceTree = "<group>"; };
		5087E77617EB970100C73F5D /* Icon-120.png */ = {isa = PBXFileReference; lastKnownFileType = image.png; path = "Icon-120.png"; sourceTree = "<group>"; };
		5087E77717EB970100C73F5D /* Icon-144.png */ = {isa = PBXFileReference; lastKnownFileType = image.png; path = "Icon-144.png"; sourceTree = "<group>"; };
		5087E77817EB970100C73F5D /* Icon-152.png */ = {isa = PBXFileReference; lastKnownFileType = image.png; path = "Icon-152.png"; sourceTree = "<group>"; };
		5087E77917EB970100C73F5D /* Icon-57.png */ = {isa = PBXFileReference; lastKnownFileType = image.png; path = "Icon-57.png"; sourceTree = "<group>"; };
		5087E77A17EB970100C73F5D /* Icon-72.png */ = {isa = PBXFileReference; lastKnownFileType = image.png; path = "Icon-72.png"; sourceTree = "<group>"; };
		5087E77B17EB970100C73F5D /* Icon-76.png */ = {isa = PBXFileReference; lastKnownFileType = image.png; path = "Icon-76.png"; sourceTree = "<group>"; };
		5087E77C17EB970100C73F5D /* Info.plist */ = {isa = PBXFileReference; fileEncoding = 4; lastKnownFileType = text.plist.xml; path = Info.plist; sourceTree = "<group>"; };
		5087E78817EB974C00C73F5D /* AppKit.framework */ = {isa = PBXFileReference; lastKnownFileType = wrapper.framework; name = AppKit.framework; path = System/Library/Frameworks/AppKit.framework; sourceTree = SDKROOT; };
		5087E78A17EB975400C73F5D /* OpenGL.framework */ = {isa = PBXFileReference; lastKnownFileType = wrapper.framework; name = OpenGL.framework; path = System/Library/Frameworks/OpenGL.framework; sourceTree = SDKROOT; };
		50EF629217ECD46A001EB2F8 /* Icon-40.png */ = {isa = PBXFileReference; lastKnownFileType = image.png; path = "Icon-40.png"; sourceTree = "<group>"; };
		50EF629317ECD46A001EB2F8 /* Icon-58.png */ = {isa = PBXFileReference; lastKnownFileType = image.png; path = "Icon-58.png"; sourceTree = "<group>"; };
		50EF629417ECD46A001EB2F8 /* Icon-80.png */ = {isa = PBXFileReference; lastKnownFileType = image.png; path = "Icon-80.png"; sourceTree = "<group>"; };
		50EF629517ECD46A001EB2F8 /* Icon-100.png */ = {isa = PBXFileReference; lastKnownFileType = image.png; path = "Icon-100.png"; sourceTree = "<group>"; };
		50EF62A017ECD613001EB2F8 /* Icon-29.png */ = {isa = PBXFileReference; lastKnownFileType = image.png; path = "Icon-29.png"; sourceTree = "<group>"; };
		50EF62A117ECD613001EB2F8 /* Icon-50.png */ = {isa = PBXFileReference; lastKnownFileType = image.png; path = "Icon-50.png"; sourceTree = "<group>"; };
		521A8E6219F0C34300D177D7 /* Default-667h@2x.png */ = {isa = PBXFileReference; lastKnownFileType = image.png; path = "Default-667h@2x.png"; sourceTree = "<group>"; };
		521A8E6319F0C34300D177D7 /* Default-736h@3x.png */ = {isa = PBXFileReference; lastKnownFileType = image.png; path = "Default-736h@3x.png"; sourceTree = "<group>"; };
		711D06DF1E3D2F3F006223B3 /* Security.framework */ = {isa = PBXFileReference; lastKnownFileType = wrapper.framework; name = Security.framework; path = Platforms/iPhoneOS.platform/Developer/SDKs/iPhoneOS10.2.sdk/System/Library/Frameworks/Security.framework; sourceTree = DEVELOPER_DIR; };
		711D06E21E3D2F4D006223B3 /* CoreText.framework */ = {isa = PBXFileReference; lastKnownFileType = wrapper.framework; name = CoreText.framework; path = Platforms/iPhoneOS.platform/Developer/SDKs/iPhoneOS10.2.sdk/System/Library/Frameworks/CoreText.framework; sourceTree = DEVELOPER_DIR; };
		711D06E41E3D2F5C006223B3 /* CoreMotion.framework */ = {isa = PBXFileReference; lastKnownFileType = wrapper.framework; name = CoreMotion.framework; path = Platforms/iPhoneOS.platform/Developer/SDKs/iPhoneOS10.2.sdk/System/Library/Frameworks/CoreMotion.framework; sourceTree = DEVELOPER_DIR; };
		711D06E61E3D2F6A006223B3 /* UIKit.framework */ = {isa = PBXFileReference; lastKnownFileType = wrapper.framework; name = UIKit.framework; path = Platforms/iPhoneOS.platform/Developer/SDKs/iPhoneOS10.2.sdk/System/Library/Frameworks/UIKit.framework; sourceTree = DEVELOPER_DIR; };
		711D06E81E3D2F77006223B3 /* OpenGLES.framework */ = {isa = PBXFileReference; lastKnownFileType = wrapper.framework; name = OpenGLES.framework; path = Platforms/iPhoneOS.platform/Developer/SDKs/iPhoneOS10.2.sdk/System/Library/Frameworks/OpenGLES.framework; sourceTree = DEVELOPER_DIR; };
		711D06FA1E3D346C006223B3 /* SmartFoxClientApi.xcodeproj */ = {isa = PBXFileReference; lastKnownFileType = "wrapper.pb-project"; name = SmartFoxClientApi.xcodeproj; path = "../../../sfs-api/SmartFoxClientApi/Xcode/SmartFoxClientApi/SmartFoxClientApi.xcodeproj"; sourceTree = "<group>"; };
		711D07071E3D360F006223B3 /* libboost_system.a */ = {isa = PBXFileReference; lastKnownFileType = archive.ar; name = libboost_system.a; path = ../../../external/boost/ios/prefix/lib/libboost_system.a; sourceTree = "<group>"; };
		711D07081E3D360F006223B3 /* libboost_thread.a */ = {isa = PBXFileReference; lastKnownFileType = archive.ar; name = libboost_thread.a; path = ../../../external/boost/ios/prefix/lib/libboost_thread.a; sourceTree = "<group>"; };
		715FE3461E425118009E3B13 /* StarshipNode.cpp */ = {isa = PBXFileReference; fileEncoding = 4; lastKnownFileType = sourcecode.cpp.cpp; name = StarshipNode.cpp; path = GameObjects/StarshipNode.cpp; sourceTree = "<group>"; };
		715FE3471E425118009E3B13 /* StarshipNode.h */ = {isa = PBXFileReference; fileEncoding = 4; lastKnownFileType = sourcecode.c.h; name = StarshipNode.h; path = GameObjects/StarshipNode.h; sourceTree = "<group>"; };
		715FE3481E425118009E3B13 /* WeaponShot.cpp */ = {isa = PBXFileReference; fileEncoding = 4; lastKnownFileType = sourcecode.cpp.cpp; name = WeaponShot.cpp; path = GameObjects/WeaponShot.cpp; sourceTree = "<group>"; };
		715FE3491E425118009E3B13 /* WeaponShot.h */ = {isa = PBXFileReference; fileEncoding = 4; lastKnownFileType = sourcecode.c.h; name = WeaponShot.h; path = GameObjects/WeaponShot.h; sourceTree = "<group>"; };
		715FE34C1E4251E0009E3B13 /* libz.tbd */ = {isa = PBXFileReference; lastKnownFileType = "sourcecode.text-based-dylib-definition"; name = libz.tbd; path = Platforms/iPhoneOS.platform/Developer/SDKs/iPhoneOS10.2.sdk/usr/lib/libz.tbd; sourceTree = DEVELOPER_DIR; };
		715FE34E1E42520B009E3B13 /* libiconv.tbd */ = {isa = PBXFileReference; lastKnownFileType = "sourcecode.text-based-dylib-definition"; name = libiconv.tbd; path = Platforms/iPhoneOS.platform/Developer/SDKs/iPhoneOS10.2.sdk/usr/lib/libiconv.tbd; sourceTree = DEVELOPER_DIR; };
		715FE3501E425305009E3B13 /* Fire_Button_Normal.png */ = {isa = PBXFileReference; lastKnownFileType = image.png; path = Fire_Button_Normal.png; sourceTree = "<group>"; };
		715FE3511E425305009E3B13 /* Fire_Button_Pressed.png */ = {isa = PBXFileReference; lastKnownFileType = image.png; path = Fire_Button_Pressed.png; sourceTree = "<group>"; };
		715FE3521E425305009E3B13 /* Left_Button_Normal.png */ = {isa = PBXFileReference; lastKnownFileType = image.png; path = Left_Button_Normal.png; sourceTree = "<group>"; };
		715FE3531E425305009E3B13 /* Left_Button_Pressed.png */ = {isa = PBXFileReference; lastKnownFileType = image.png; path = Left_Button_Pressed.png; sourceTree = "<group>"; };
		715FE3541E425305009E3B13 /* Thrust_Button_Normal.png */ = {isa = PBXFileReference; lastKnownFileType = image.png; path = Thrust_Button_Normal.png; sourceTree = "<group>"; };
		715FE3551E425305009E3B13 /* Thrust_Button_Pressed.png */ = {isa = PBXFileReference; lastKnownFileType = image.png; path = Thrust_Button_Pressed.png; sourceTree = "<group>"; };
		717668201E3D0E55005D39F0 /* ServerConnector.cpp */ = {isa = PBXFileReference; fileEncoding = 4; lastKnownFileType = sourcecode.cpp.cpp; path = ServerConnector.cpp; sourceTree = "<group>"; };
		717668211E3D0E55005D39F0 /* ServerConnector.h */ = {isa = PBXFileReference; fileEncoding = 4; lastKnownFileType = sourcecode.c.h; path = ServerConnector.h; sourceTree = "<group>"; };
		717668331E3D0F39005D39F0 /* bg_starfield1.jpg */ = {isa = PBXFileReference; lastKnownFileType = image.jpeg; path = bg_starfield1.jpg; sourceTree = "<group>"; };
		717668341E3D0F39005D39F0 /* bg_starfield2.png */ = {isa = PBXFileReference; lastKnownFileType = image.png; path = bg_starfield2.png; sourceTree = "<group>"; };
		717668351E3D0F39005D39F0 /* button_play.png */ = {isa = PBXFileReference; lastKnownFileType = image.png; path = button_play.png; sourceTree = "<group>"; };
		717668361E3D0F39005D39F0 /* explosion_0001.png */ = {isa = PBXFileReference; lastKnownFileType = image.png; path = explosion_0001.png; sourceTree = "<group>"; };
		717668371E3D0F39005D39F0 /* explosion_0002.png */ = {isa = PBXFileReference; lastKnownFileType = image.png; path = explosion_0002.png; sourceTree = "<group>"; };
		717668381E3D0F39005D39F0 /* explosion_0003.png */ = {isa = PBXFileReference; lastKnownFileType = image.png; path = explosion_0003.png; sourceTree = "<group>"; };
		717668391E3D0F39005D39F0 /* explosion_0004.png */ = {isa = PBXFileReference; lastKnownFileType = image.png; path = explosion_0004.png; sourceTree = "<group>"; };
		7176683A1E3D0F39005D39F0 /* explosion_0005.png */ = {isa = PBXFileReference; lastKnownFileType = image.png; path = explosion_0005.png; sourceTree = "<group>"; };
		7176683B1E3D0F39005D39F0 /* explosion_0006.png */ = {isa = PBXFileReference; lastKnownFileType = image.png; path = explosion_0006.png; sourceTree = "<group>"; };
		7176683C1E3D0F39005D39F0 /* explosion_0007.png */ = {isa = PBXFileReference; lastKnownFileType = image.png; path = explosion_0007.png; sourceTree = "<group>"; };
		7176683D1E3D0F39005D39F0 /* explosion_0008.png */ = {isa = PBXFileReference; lastKnownFileType = image.png; path = explosion_0008.png; sourceTree = "<group>"; };
		7176683E1E3D0F39005D39F0 /* explosion_0009.png */ = {isa = PBXFileReference; lastKnownFileType = image.png; path = explosion_0009.png; sourceTree = "<group>"; };
		7176683F1E3D0F39005D39F0 /* explosion_0010.png */ = {isa = PBXFileReference; lastKnownFileType = image.png; path = explosion_0010.png; sourceTree = "<group>"; };
		717668401E3D0F39005D39F0 /* explosion_0011.png */ = {isa = PBXFileReference; lastKnownFileType = image.png; path = explosion_0011.png; sourceTree = "<group>"; };
		717668411E3D0F39005D39F0 /* fonts */ = {isa = PBXFileReference; lastKnownFileType = folder; path = fonts; sourceTree = "<group>"; };
		717668421E3D0F39005D39F0 /* ship_astro_0001.png */ = {isa = PBXFileReference; lastKnownFileType = image.png; path = ship_astro_0001.png; sourceTree = "<group>"; };
		717668431E3D0F39005D39F0 /* ship_astro_0002.png */ = {isa = PBXFileReference; lastKnownFileType = image.png; path = ship_astro_0002.png; sourceTree = "<group>"; };
		717668441E3D0F39005D39F0 /* ship_astro_0003.png */ = {isa = PBXFileReference; lastKnownFileType = image.png; path = ship_astro_0003.png; sourceTree = "<group>"; };
		717668451E3D0F39005D39F0 /* ship_menu_astro.png */ = {isa = PBXFileReference; lastKnownFileType = image.png; path = ship_menu_astro.png; sourceTree = "<group>"; };
		717668461E3D0F39005D39F0 /* ship_menu_raptor.png */ = {isa = PBXFileReference; lastKnownFileType = image.png; path = ship_menu_raptor.png; sourceTree = "<group>"; };
		717668471E3D0F39005D39F0 /* ship_menu_viking.png */ = {isa = PBXFileReference; lastKnownFileType = image.png; path = ship_menu_viking.png; sourceTree = "<group>"; };
		717668481E3D0F39005D39F0 /* ship_raptor_0001.png */ = {isa = PBXFileReference; lastKnownFileType = image.png; path = ship_raptor_0001.png; sourceTree = "<group>"; };
		717668491E3D0F39005D39F0 /* ship_raptor_0002.png */ = {isa = PBXFileReference; lastKnownFileType = image.png; path = ship_raptor_0002.png; sourceTree = "<group>"; };
		7176684A1E3D0F39005D39F0 /* ship_raptor_0003.png */ = {isa = PBXFileReference; lastKnownFileType = image.png; path = ship_raptor_0003.png; sourceTree = "<group>"; };
		7176684B1E3D0F39005D39F0 /* ship_viking_0001.png */ = {isa = PBXFileReference; lastKnownFileType = image.png; path = ship_viking_0001.png; sourceTree = "<group>"; };
		7176684C1E3D0F39005D39F0 /* ship_viking_0002.png */ = {isa = PBXFileReference; lastKnownFileType = image.png; path = ship_viking_0002.png; sourceTree = "<group>"; };
		7176684D1E3D0F39005D39F0 /* ship_viking_0003.png */ = {isa = PBXFileReference; lastKnownFileType = image.png; path = ship_viking_0003.png; sourceTree = "<group>"; };
		7176684E1E3D0F39005D39F0 /* system_menu_sol.png */ = {isa = PBXFileReference; lastKnownFileType = image.png; path = system_menu_sol.png; sourceTree = "<group>"; };
		7176684F1E3D0F39005D39F0 /* title.png */ = {isa = PBXFileReference; lastKnownFileType = image.png; path = title.png; sourceTree = "<group>"; };
		717668501E3D0F39005D39F0 /* username_bg.png */ = {isa = PBXFileReference; lastKnownFileType = image.png; path = username_bg.png; sourceTree = "<group>"; };
		717668511E3D0F39005D39F0 /* weapon_torpedo_0001.png */ = {isa = PBXFileReference; lastKnownFileType = image.png; path = weapon_torpedo_0001.png; sourceTree = "<group>"; };
		717668521E3D0F39005D39F0 /* weapon_torpedo_0002.png */ = {isa = PBXFileReference; lastKnownFileType = image.png; path = weapon_torpedo_0002.png; sourceTree = "<group>"; };
		717668531E3D0F39005D39F0 /* weapon_torpedo_0003.png */ = {isa = PBXFileReference; lastKnownFileType = image.png; path = weapon_torpedo_0003.png; sourceTree = "<group>"; };
		717668541E3D0F39005D39F0 /* weapon_torpedo_0004.png */ = {isa = PBXFileReference; lastKnownFileType = image.png; path = weapon_torpedo_0004.png; sourceTree = "<group>"; };
		717668551E3D0F39005D39F0 /* weapon_torpedo_0005.png */ = {isa = PBXFileReference; lastKnownFileType = image.png; path = weapon_torpedo_0005.png; sourceTree = "<group>"; };
		717668561E3D0F39005D39F0 /* weapon_torpedo_0006.png */ = {isa = PBXFileReference; lastKnownFileType = image.png; path = weapon_torpedo_0006.png; sourceTree = "<group>"; };
		717668571E3D0F39005D39F0 /* weapon_torpedo_0007.png */ = {isa = PBXFileReference; lastKnownFileType = image.png; path = weapon_torpedo_0007.png; sourceTree = "<group>"; };
		717668581E3D0F39005D39F0 /* weapon_torpedo_0008.png */ = {isa = PBXFileReference; lastKnownFileType = image.png; path = weapon_torpedo_0008.png; sourceTree = "<group>"; };
		717668591E3D0F39005D39F0 /* weapon_torpedo_0009.png */ = {isa = PBXFileReference; lastKnownFileType = image.png; path = weapon_torpedo_0009.png; sourceTree = "<group>"; };
		7176685A1E3D0F39005D39F0 /* weapon_torpedo_0010.png */ = {isa = PBXFileReference; lastKnownFileType = image.png; path = weapon_torpedo_0010.png; sourceTree = "<group>"; };
		7176685B1E3D0F39005D39F0 /* weapon_torpedo_0011.png */ = {isa = PBXFileReference; lastKnownFileType = image.png; path = weapon_torpedo_0011.png; sourceTree = "<group>"; };
		7176685C1E3D0F39005D39F0 /* weapon_torpedo_0012.png */ = {isa = PBXFileReference; lastKnownFileType = image.png; path = weapon_torpedo_0012.png; sourceTree = "<group>"; };
		7176685D1E3D0F39005D39F0 /* weapon_torpedo_0013.png */ = {isa = PBXFileReference; lastKnownFileType = image.png; path = weapon_torpedo_0013.png; sourceTree = "<group>"; };
		7176685E1E3D0F39005D39F0 /* weapon_torpedo_0014.png */ = {isa = PBXFileReference; lastKnownFileType = image.png; path = weapon_torpedo_0014.png; sourceTree = "<group>"; };
		7176685F1E3D0F39005D39F0 /* weapon_torpedo_0015.png */ = {isa = PBXFileReference; lastKnownFileType = image.png; path = weapon_torpedo_0015.png; sourceTree = "<group>"; };
		717668601E3D0F39005D39F0 /* weapon_torpedo_0016.png */ = {isa = PBXFileReference; lastKnownFileType = image.png; path = weapon_torpedo_0016.png; sourceTree = "<group>"; };
		717668611E3D0F39005D39F0 /* weapon_torpedo_0017.png */ = {isa = PBXFileReference; lastKnownFileType = image.png; path = weapon_torpedo_0017.png; sourceTree = "<group>"; };
		717668621E3D0F39005D39F0 /* weapon_torpedo_0018.png */ = {isa = PBXFileReference; lastKnownFileType = image.png; path = weapon_torpedo_0018.png; sourceTree = "<group>"; };
		717668631E3D0F39005D39F0 /* weapon_torpedo_0019.png */ = {isa = PBXFileReference; lastKnownFileType = image.png; path = weapon_torpedo_0019.png; sourceTree = "<group>"; };
		7176689A1E3D0FC3005D39F0 /* GameItem.cpp */ = {isa = PBXFileReference; fileEncoding = 4; lastKnownFileType = sourcecode.cpp.cpp; name = GameItem.cpp; path = GameObjects/GameItem.cpp; sourceTree = "<group>"; };
		7176689B1E3D0FC3005D39F0 /* GameItem.h */ = {isa = PBXFileReference; fileEncoding = 4; lastKnownFileType = sourcecode.c.h; name = GameItem.h; path = GameObjects/GameItem.h; sourceTree = "<group>"; };
		7176689C1E3D0FC3005D39F0 /* Starship.cpp */ = {isa = PBXFileReference; fileEncoding = 4; lastKnownFileType = sourcecode.cpp.cpp; name = Starship.cpp; path = GameObjects/Starship.cpp; sourceTree = "<group>"; };
		7176689D1E3D0FC3005D39F0 /* Starship.h */ = {isa = PBXFileReference; fileEncoding = 4; lastKnownFileType = sourcecode.c.h; name = Starship.h; path = GameObjects/Starship.h; sourceTree = "<group>"; };
		717668A11E3D0FDA005D39F0 /* IEventListener.h */ = {isa = PBXFileReference; fileEncoding = 4; lastKnownFileType = sourcecode.c.h; name = IEventListener.h; path = Networks/IEventListener.h; sourceTree = "<group>"; };
		717668A31E3D0FED005D39F0 /* BaseScene.cpp */ = {isa = PBXFileReference; fileEncoding = 4; lastKnownFileType = sourcecode.cpp.cpp; name = BaseScene.cpp; path = Scenes/BaseScene.cpp; sourceTree = "<group>"; };
		717668A41E3D0FED005D39F0 /* BaseScene.h */ = {isa = PBXFileReference; fileEncoding = 4; lastKnownFileType = sourcecode.c.h; name = BaseScene.h; path = Scenes/BaseScene.h; sourceTree = "<group>"; };
		717668A51E3D0FED005D39F0 /* GameScene.cpp */ = {isa = PBXFileReference; fileEncoding = 4; lastKnownFileType = sourcecode.cpp.cpp; name = GameScene.cpp; path = Scenes/GameScene.cpp; sourceTree = "<group>"; };
		717668A61E3D0FED005D39F0 /* GameScene.h */ = {isa = PBXFileReference; fileEncoding = 4; lastKnownFileType = sourcecode.c.h; name = GameScene.h; path = Scenes/GameScene.h; sourceTree = "<group>"; };
		717668A71E3D0FED005D39F0 /* LoginScene.cpp */ = {isa = PBXFileReference; fileEncoding = 4; lastKnownFileType = sourcecode.cpp.cpp; name = LoginScene.cpp; path = Scenes/LoginScene.cpp; sourceTree = "<group>"; };
		717668A81E3D0FED005D39F0 /* LoginScene.h */ = {isa = PBXFileReference; fileEncoding = 4; lastKnownFileType = sourcecode.c.h; name = LoginScene.h; path = Scenes/LoginScene.h; sourceTree = "<group>"; };
		717668A91E3D0FED005D39F0 /* NewSceneData.h */ = {isa = PBXFileReference; fileEncoding = 4; lastKnownFileType = sourcecode.c.h; name = NewSceneData.h; path = Scenes/NewSceneData.h; sourceTree = "<group>"; };
		717668AA1E3D0FED005D39F0 /* SceneName.h */ = {isa = PBXFileReference; fileEncoding = 4; lastKnownFileType = sourcecode.c.h; name = SceneName.h; path = Scenes/SceneName.h; sourceTree = "<group>"; };
		717668AB1E3D0FED005D39F0 /* ShipScene.cpp */ = {isa = PBXFileReference; fileEncoding = 4; lastKnownFileType = sourcecode.cpp.cpp; name = ShipScene.cpp; path = Scenes/ShipScene.cpp; sourceTree = "<group>"; };
		717668AC1E3D0FED005D39F0 /* ShipScene.h */ = {isa = PBXFileReference; fileEncoding = 4; lastKnownFileType = sourcecode.c.h; name = ShipScene.h; path = Scenes/ShipScene.h; sourceTree = "<group>"; };
		8262943D1AAF051F00CB7CF7 /* Security.framework */ = {isa = PBXFileReference; lastKnownFileType = wrapper.framework; name = Security.framework; path = System/Library/Frameworks/Security.framework; sourceTree = SDKROOT; };
		BF1C47EA1293683800B63C5D /* QuartzCore.framework */ = {isa = PBXFileReference; lastKnownFileType = wrapper.framework; name = QuartzCore.framework; path = System/Library/Frameworks/QuartzCore.framework; sourceTree = SDKROOT; };
		D44C620B132DFF330009C878 /* OpenAL.framework */ = {isa = PBXFileReference; lastKnownFileType = wrapper.framework; name = OpenAL.framework; path = System/Library/Frameworks/OpenAL.framework; sourceTree = SDKROOT; };
		D44C620D132DFF430009C878 /* AVFoundation.framework */ = {isa = PBXFileReference; lastKnownFileType = wrapper.framework; name = AVFoundation.framework; path = System/Library/Frameworks/AVFoundation.framework; sourceTree = SDKROOT; };
		D44C620F132DFF4E0009C878 /* AudioToolbox.framework */ = {isa = PBXFileReference; lastKnownFileType = wrapper.framework; name = AudioToolbox.framework; path = System/Library/Frameworks/AudioToolbox.framework; sourceTree = SDKROOT; };
/* End PBXFileReference section */

/* Begin PBXFrameworksBuildPhase section */
		1D60588F0D05DD3D006BFB54 /* Frameworks */ = {
			isa = PBXFrameworksBuildPhase;
			buildActionMask = 2147483647;
			files = (
				715FE34F1E42520B009E3B13 /* libiconv.tbd in Frameworks */,
				715FE34D1E4251E0009E3B13 /* libz.tbd in Frameworks */,
				711D07061E3D3609006223B3 /* libSmartFoxClientApi.a in Frameworks */,
				711D07091E3D360F006223B3 /* libboost_system.a in Frameworks */,
				711D070A1E3D360F006223B3 /* libboost_thread.a in Frameworks */,
				1AC6FB30180E99EB004C840B /* libcocos2d iOS.a in Frameworks */,
				711D06E91E3D2F77006223B3 /* OpenGLES.framework in Frameworks */,
				711D06E71E3D2F6A006223B3 /* UIKit.framework in Frameworks */,
				711D06E51E3D2F5C006223B3 /* CoreMotion.framework in Frameworks */,
				711D06E31E3D2F4D006223B3 /* CoreText.framework in Frameworks */,
				711D06E01E3D2F3F006223B3 /* Security.framework in Frameworks */,
				1D60589F0D05DD5A006BFB54 /* Foundation.framework in Frameworks */,
				288765A50DF7441C002DB57D /* CoreGraphics.framework in Frameworks */,
				BF1C47F01293687400B63C5D /* QuartzCore.framework in Frameworks */,
				D44C620C132DFF330009C878 /* OpenAL.framework in Frameworks */,
				D44C620E132DFF430009C878 /* AVFoundation.framework in Frameworks */,
				D44C6210132DFF4E0009C878 /* AudioToolbox.framework in Frameworks */,
			);
			runOnlyForDeploymentPostprocessing = 0;
		};
		5087E75C17EB910900C73F5D /* Frameworks */ = {
			isa = PBXFrameworksBuildPhase;
			buildActionMask = 2147483647;
			files = (
				1AC6FB21180E996B004C840B /* libcocos2d Mac.a in Frameworks */,
				8262943E1AAF051F00CB7CF7 /* Security.framework in Frameworks */,
				503AE11B17EB9C5A00D1A890 /* IOKit.framework in Frameworks */,
				5087E78B17EB975400C73F5D /* OpenGL.framework in Frameworks */,
				5087E78917EB974C00C73F5D /* AppKit.framework in Frameworks */,
				5087E76317EB910900C73F5D /* Foundation.framework in Frameworks */,
				5087E76817EB910900C73F5D /* QuartzCore.framework in Frameworks */,
				5087E76917EB910900C73F5D /* OpenAL.framework in Frameworks */,
				5087E76A17EB910900C73F5D /* AVFoundation.framework in Frameworks */,
				5087E76B17EB910900C73F5D /* AudioToolbox.framework in Frameworks */,
			);
			runOnlyForDeploymentPostprocessing = 0;
		};
/* End PBXFrameworksBuildPhase section */

/* Begin PBXGroup section */
		080E96DDFE201D6D7F000001 /* ios */ = {
			isa = PBXGroup;
			children = (
				5087E77117EB970100C73F5D /* Icons */,
				503AE0FA17EB989F00D1A890 /* AppController.h */,
				503AE0FB17EB989F00D1A890 /* AppController.mm */,
				503AE0FC17EB989F00D1A890 /* main.m */,
				503AE0FD17EB989F00D1A890 /* Prefix.pch */,
				503AE0FE17EB989F00D1A890 /* RootViewController.h */,
				503AE0FF17EB989F00D1A890 /* RootViewController.mm */,
			);
			name = ios;
			path = Classes;
			sourceTree = "<group>";
		};
		19C28FACFE9D520D11CA2CBB /* Products */ = {
			isa = PBXGroup;
			children = (
				1D6058910D05DD3D006BFB54 /* SpaceWar-mobile.app */,
				5087E76F17EB910900C73F5D /* SpaceWar-desktop.app */,
			);
			name = Products;
			sourceTree = "<group>";
		};
		1AC6FAE6180E9839004C840B /* Products */ = {
			isa = PBXGroup;
			children = (
				1AC6FAF9180E9839004C840B /* libcocos2d Mac.a */,
				1AC6FB07180E9839004C840B /* libcocos2d iOS.a */,
				7176681F1E3D0E4A005D39F0 /* libcocos2d tvOS.a */,
			);
			name = Products;
			sourceTree = "<group>";
		};
		29B97314FDCFA39411CA2CEA /* CustomTemplate */ = {
			isa = PBXGroup;
			children = (
				711D06FA1E3D346C006223B3 /* SmartFoxClientApi.xcodeproj */,
				46880B8319C43A87006E1F66 /* Classes */,
				46880B7519C43A67006E1F66 /* Resources */,
				1AC6FAE5180E9839004C840B /* cocos2d_libs.xcodeproj */,
				29B97323FDCFA39411CA2CEA /* Frameworks */,
				080E96DDFE201D6D7F000001 /* ios */,
				503AE10617EB990700D1A890 /* mac */,
				19C28FACFE9D520D11CA2CBB /* Products */,
			);
			name = CustomTemplate;
			sourceTree = "<group>";
		};
		29B97323FDCFA39411CA2CEA /* Frameworks */ = {
			isa = PBXGroup;
			children = (
				715FE34E1E42520B009E3B13 /* libiconv.tbd */,
				715FE34C1E4251E0009E3B13 /* libz.tbd */,
				711D07071E3D360F006223B3 /* libboost_system.a */,
				711D07081E3D360F006223B3 /* libboost_thread.a */,
				711D06E81E3D2F77006223B3 /* OpenGLES.framework */,
				711D06E61E3D2F6A006223B3 /* UIKit.framework */,
				711D06E41E3D2F5C006223B3 /* CoreMotion.framework */,
				711D06E21E3D2F4D006223B3 /* CoreText.framework */,
				711D06DF1E3D2F3F006223B3 /* Security.framework */,
				8262943D1AAF051F00CB7CF7 /* Security.framework */,
				503AE11A17EB9C5A00D1A890 /* IOKit.framework */,
				5087E78A17EB975400C73F5D /* OpenGL.framework */,
				5087E78817EB974C00C73F5D /* AppKit.framework */,
				D44C620F132DFF4E0009C878 /* AudioToolbox.framework */,
				D44C620D132DFF430009C878 /* AVFoundation.framework */,
				288765A40DF7441C002DB57D /* CoreGraphics.framework */,
				1D30AB110D05D00D00671497 /* Foundation.framework */,
				D44C620B132DFF330009C878 /* OpenAL.framework */,
				BF1C47EA1293683800B63C5D /* QuartzCore.framework */,
			);
			name = Frameworks;
			sourceTree = "<group>";
		};
		46880B7519C43A67006E1F66 /* Resources */ = {
			isa = PBXGroup;
			children = (
				715FE3501E425305009E3B13 /* Fire_Button_Normal.png */,
				715FE3511E425305009E3B13 /* Fire_Button_Pressed.png */,
				715FE3521E425305009E3B13 /* Left_Button_Normal.png */,
				715FE3531E425305009E3B13 /* Left_Button_Pressed.png */,
				715FE3541E425305009E3B13 /* Thrust_Button_Normal.png */,
				715FE3551E425305009E3B13 /* Thrust_Button_Pressed.png */,
				717668331E3D0F39005D39F0 /* bg_starfield1.jpg */,
				717668341E3D0F39005D39F0 /* bg_starfield2.png */,
				717668351E3D0F39005D39F0 /* button_play.png */,
				717668361E3D0F39005D39F0 /* explosion_0001.png */,
				717668371E3D0F39005D39F0 /* explosion_0002.png */,
				717668381E3D0F39005D39F0 /* explosion_0003.png */,
				717668391E3D0F39005D39F0 /* explosion_0004.png */,
				7176683A1E3D0F39005D39F0 /* explosion_0005.png */,
				7176683B1E3D0F39005D39F0 /* explosion_0006.png */,
				7176683C1E3D0F39005D39F0 /* explosion_0007.png */,
				7176683D1E3D0F39005D39F0 /* explosion_0008.png */,
				7176683E1E3D0F39005D39F0 /* explosion_0009.png */,
				7176683F1E3D0F39005D39F0 /* explosion_0010.png */,
				717668401E3D0F39005D39F0 /* explosion_0011.png */,
				717668411E3D0F39005D39F0 /* fonts */,
				717668421E3D0F39005D39F0 /* ship_astro_0001.png */,
				717668431E3D0F39005D39F0 /* ship_astro_0002.png */,
				717668441E3D0F39005D39F0 /* ship_astro_0003.png */,
				717668451E3D0F39005D39F0 /* ship_menu_astro.png */,
				717668461E3D0F39005D39F0 /* ship_menu_raptor.png */,
				717668471E3D0F39005D39F0 /* ship_menu_viking.png */,
				717668481E3D0F39005D39F0 /* ship_raptor_0001.png */,
				717668491E3D0F39005D39F0 /* ship_raptor_0002.png */,
				7176684A1E3D0F39005D39F0 /* ship_raptor_0003.png */,
				7176684B1E3D0F39005D39F0 /* ship_viking_0001.png */,
				7176684C1E3D0F39005D39F0 /* ship_viking_0002.png */,
				7176684D1E3D0F39005D39F0 /* ship_viking_0003.png */,
				7176684E1E3D0F39005D39F0 /* system_menu_sol.png */,
				7176684F1E3D0F39005D39F0 /* title.png */,
				717668501E3D0F39005D39F0 /* username_bg.png */,
				717668511E3D0F39005D39F0 /* weapon_torpedo_0001.png */,
				717668521E3D0F39005D39F0 /* weapon_torpedo_0002.png */,
				717668531E3D0F39005D39F0 /* weapon_torpedo_0003.png */,
				717668541E3D0F39005D39F0 /* weapon_torpedo_0004.png */,
				717668551E3D0F39005D39F0 /* weapon_torpedo_0005.png */,
				717668561E3D0F39005D39F0 /* weapon_torpedo_0006.png */,
				717668571E3D0F39005D39F0 /* weapon_torpedo_0007.png */,
				717668581E3D0F39005D39F0 /* weapon_torpedo_0008.png */,
				717668591E3D0F39005D39F0 /* weapon_torpedo_0009.png */,
				7176685A1E3D0F39005D39F0 /* weapon_torpedo_0010.png */,
				7176685B1E3D0F39005D39F0 /* weapon_torpedo_0011.png */,
				7176685C1E3D0F39005D39F0 /* weapon_torpedo_0012.png */,
				7176685D1E3D0F39005D39F0 /* weapon_torpedo_0013.png */,
				7176685E1E3D0F39005D39F0 /* weapon_torpedo_0014.png */,
				7176685F1E3D0F39005D39F0 /* weapon_torpedo_0015.png */,
				717668601E3D0F39005D39F0 /* weapon_torpedo_0016.png */,
				717668611E3D0F39005D39F0 /* weapon_torpedo_0017.png */,
				717668621E3D0F39005D39F0 /* weapon_torpedo_0018.png */,
				717668631E3D0F39005D39F0 /* weapon_torpedo_0019.png */,
			);
			name = Resources;
			path = ../Resources;
			sourceTree = "<group>";
		};
		46880B8319C43A87006E1F66 /* Classes */ = {
			isa = PBXGroup;
			children = (
				717668A21E3D0FE3005D39F0 /* Scenes */,
				717668A01E3D0FCF005D39F0 /* Networks */,
				717668991E3D0FAF005D39F0 /* GameObjects */,
				717668201E3D0E55005D39F0 /* ServerConnector.cpp */,
				717668211E3D0E55005D39F0 /* ServerConnector.h */,
				46880B8419C43A87006E1F66 /* AppDelegate.cpp */,
				46880B8519C43A87006E1F66 /* AppDelegate.h */,
			);
			name = Classes;
			path = ../Classes;
			sourceTree = "<group>";
		};
		503AE0F517EB97AB00D1A890 /* Icons */ = {
			isa = PBXGroup;
			children = (
				503AE0F617EB97AB00D1A890 /* Icon.icns */,
				503AE0F717EB97AB00D1A890 /* Info.plist */,
			);
			name = Icons;
			path = mac;
			sourceTree = SOURCE_ROOT;
		};
		503AE10617EB990700D1A890 /* mac */ = {
			isa = PBXGroup;
			children = (
				503AE0F517EB97AB00D1A890 /* Icons */,
				503AE10317EB98FF00D1A890 /* main.cpp */,
				503AE10417EB98FF00D1A890 /* Prefix.pch */,
			);
			name = mac;
			sourceTree = "<group>";
		};
		5087E77117EB970100C73F5D /* Icons */ = {
			isa = PBXGroup;
			children = (
				521A8E6219F0C34300D177D7 /* Default-667h@2x.png */,
				521A8E6319F0C34300D177D7 /* Default-736h@3x.png */,
				5087E77217EB970100C73F5D /* Default-568h@2x.png */,
				5087E77317EB970100C73F5D /* Default.png */,
				5087E77417EB970100C73F5D /* Default@2x.png */,
				50EF62A017ECD613001EB2F8 /* Icon-29.png */,
				50EF62A117ECD613001EB2F8 /* Icon-50.png */,
				50EF629217ECD46A001EB2F8 /* Icon-40.png */,
				50EF629317ECD46A001EB2F8 /* Icon-58.png */,
				50EF629417ECD46A001EB2F8 /* Icon-80.png */,
				50EF629517ECD46A001EB2F8 /* Icon-100.png */,
				5087E77517EB970100C73F5D /* Icon-114.png */,
				5087E77617EB970100C73F5D /* Icon-120.png */,
				5087E77717EB970100C73F5D /* Icon-144.png */,
				5087E77817EB970100C73F5D /* Icon-152.png */,
				5087E77917EB970100C73F5D /* Icon-57.png */,
				5087E77A17EB970100C73F5D /* Icon-72.png */,
				5087E77B17EB970100C73F5D /* Icon-76.png */,
				5087E77C17EB970100C73F5D /* Info.plist */,
			);
			name = Icons;
			path = ios;
			sourceTree = SOURCE_ROOT;
		};
		711D06FB1E3D346C006223B3 /* Products */ = {
			isa = PBXGroup;
			children = (
				711D06FF1E3D346C006223B3 /* libSmartFoxClientApi.a */,
			);
			name = Products;
			sourceTree = "<group>";
		};
		717668991E3D0FAF005D39F0 /* GameObjects */ = {
			isa = PBXGroup;
			children = (
				715FE3461E425118009E3B13 /* StarshipNode.cpp */,
				715FE3471E425118009E3B13 /* StarshipNode.h */,
				715FE3481E425118009E3B13 /* WeaponShot.cpp */,
				715FE3491E425118009E3B13 /* WeaponShot.h */,
				7176689A1E3D0FC3005D39F0 /* GameItem.cpp */,
				7176689B1E3D0FC3005D39F0 /* GameItem.h */,
				7176689C1E3D0FC3005D39F0 /* Starship.cpp */,
				7176689D1E3D0FC3005D39F0 /* Starship.h */,
			);
			name = GameObjects;
			sourceTree = "<group>";
		};
		717668A01E3D0FCF005D39F0 /* Networks */ = {
			isa = PBXGroup;
			children = (
				717668A11E3D0FDA005D39F0 /* IEventListener.h */,
			);
			name = Networks;
			sourceTree = "<group>";
		};
		717668A21E3D0FE3005D39F0 /* Scenes */ = {
			isa = PBXGroup;
			children = (
				717668A31E3D0FED005D39F0 /* BaseScene.cpp */,
				717668A41E3D0FED005D39F0 /* BaseScene.h */,
				717668A51E3D0FED005D39F0 /* GameScene.cpp */,
				717668A61E3D0FED005D39F0 /* GameScene.h */,
				717668A71E3D0FED005D39F0 /* LoginScene.cpp */,
				717668A81E3D0FED005D39F0 /* LoginScene.h */,
				717668A91E3D0FED005D39F0 /* NewSceneData.h */,
				717668AA1E3D0FED005D39F0 /* SceneName.h */,
				717668AB1E3D0FED005D39F0 /* ShipScene.cpp */,
				717668AC1E3D0FED005D39F0 /* ShipScene.h */,
			);
			name = Scenes;
			sourceTree = "<group>";
		};
/* End PBXGroup section */

/* Begin PBXNativeTarget section */
		1D6058900D05DD3D006BFB54 /* SpaceWar-mobile */ = {
			isa = PBXNativeTarget;
			buildConfigurationList = 1D6058960D05DD3E006BFB54 /* Build configuration list for PBXNativeTarget "SpaceWar-mobile" */;
			buildPhases = (
				1D60588D0D05DD3D006BFB54 /* Resources */,
				1D60588E0D05DD3D006BFB54 /* Sources */,
				1D60588F0D05DD3D006BFB54 /* Frameworks */,
			);
			buildRules = (
			);
			dependencies = (
				711D07051E3D3510006223B3 /* PBXTargetDependency */,
				1AC6FB25180E99E1004C840B /* PBXTargetDependency */,
			);
			name = "SpaceWar-mobile";
			productName = iphone;
			productReference = 1D6058910D05DD3D006BFB54 /* SpaceWar-mobile.app */;
			productType = "com.apple.product-type.application";
		};
		5087E73D17EB910900C73F5D /* SpaceWar-desktop */ = {
			isa = PBXNativeTarget;
			buildConfigurationList = 5087E76C17EB910900C73F5D /* Build configuration list for PBXNativeTarget "SpaceWar-desktop" */;
			buildPhases = (
				5087E74817EB910900C73F5D /* Resources */,
				5087E75617EB910900C73F5D /* Sources */,
				5087E75C17EB910900C73F5D /* Frameworks */,
			);
			buildRules = (
			);
			dependencies = (
				1AC6FB16180E9959004C840B /* PBXTargetDependency */,
			);
			name = "SpaceWar-desktop";
			productName = iphone;
			productReference = 5087E76F17EB910900C73F5D /* SpaceWar-desktop.app */;
			productType = "com.apple.product-type.application";
		};
/* End PBXNativeTarget section */

/* Begin PBXProject section */
		29B97313FDCFA39411CA2CEA /* Project object */ = {
			isa = PBXProject;
			attributes = {
				LastUpgradeCheck = 0500;
				TargetAttributes = {
					1D6058900D05DD3D006BFB54 = {
						DevelopmentTeam = TRL5CBGZHU;
						ProvisioningStyle = Manual;
					};
				};
			};
			buildConfigurationList = C01FCF4E08A954540054247B /* Build configuration list for PBXProject "SpaceWar" */;
			compatibilityVersion = "Xcode 3.2";
			developmentRegion = English;
			hasScannedForEncodings = 1;
			knownRegions = (
				English,
				Japanese,
				French,
				German,
			);
			mainGroup = 29B97314FDCFA39411CA2CEA /* CustomTemplate */;
			projectDirPath = "";
			projectReferences = (
				{
					ProductGroup = 1AC6FAE6180E9839004C840B /* Products */;
					ProjectRef = 1AC6FAE5180E9839004C840B /* cocos2d_libs.xcodeproj */;
				},
				{
					ProductGroup = 711D06FB1E3D346C006223B3 /* Products */;
					ProjectRef = 711D06FA1E3D346C006223B3 /* SmartFoxClientApi.xcodeproj */;
				},
			);
			projectRoot = "";
			targets = (
				1D6058900D05DD3D006BFB54 /* SpaceWar-mobile */,
				5087E73D17EB910900C73F5D /* SpaceWar-desktop */,
			);
		};
/* End PBXProject section */

/* Begin PBXReferenceProxy section */
		1AC6FAF9180E9839004C840B /* libcocos2d Mac.a */ = {
			isa = PBXReferenceProxy;
			fileType = archive.ar;
			path = "libcocos2d Mac.a";
			remoteRef = 1AC6FAF8180E9839004C840B /* PBXContainerItemProxy */;
			sourceTree = BUILT_PRODUCTS_DIR;
		};
		1AC6FB07180E9839004C840B /* libcocos2d iOS.a */ = {
			isa = PBXReferenceProxy;
			fileType = archive.ar;
			path = "libcocos2d iOS.a";
			remoteRef = 1AC6FB06180E9839004C840B /* PBXContainerItemProxy */;
			sourceTree = BUILT_PRODUCTS_DIR;
		};
		711D06FF1E3D346C006223B3 /* libSmartFoxClientApi.a */ = {
			isa = PBXReferenceProxy;
			fileType = archive.ar;
			path = libSmartFoxClientApi.a;
			remoteRef = 711D06FE1E3D346C006223B3 /* PBXContainerItemProxy */;
			sourceTree = BUILT_PRODUCTS_DIR;
		};
		7176681F1E3D0E4A005D39F0 /* libcocos2d tvOS.a */ = {
			isa = PBXReferenceProxy;
			fileType = archive.ar;
			path = "libcocos2d tvOS.a";
			remoteRef = 7176681E1E3D0E4A005D39F0 /* PBXContainerItemProxy */;
			sourceTree = BUILT_PRODUCTS_DIR;
		};
/* End PBXReferenceProxy section */

/* Begin PBXResourcesBuildPhase section */
		1D60588D0D05DD3D006BFB54 /* Resources */ = {
			isa = PBXResourcesBuildPhase;
			buildActionMask = 2147483647;
			files = (
				717668781E3D0F39005D39F0 /* ship_menu_viking.png in Resources */,
				5087E78117EB970100C73F5D /* Icon-120.png in Resources */,
				717668641E3D0F39005D39F0 /* bg_starfield1.jpg in Resources */,
				717668851E3D0F39005D39F0 /* weapon_torpedo_0004.png in Resources */,
				7176688B1E3D0F39005D39F0 /* weapon_torpedo_0010.png in Resources */,
				717668941E3D0F39005D39F0 /* weapon_torpedo_0019.png in Resources */,
				7176688F1E3D0F39005D39F0 /* weapon_torpedo_0014.png in Resources */,
				715FE3581E425305009E3B13 /* Left_Button_Normal.png in Resources */,
				5087E78617EB970100C73F5D /* Icon-76.png in Resources */,
				7176687E1E3D0F39005D39F0 /* ship_viking_0003.png in Resources */,
				717668661E3D0F39005D39F0 /* button_play.png in Resources */,
				5087E77F17EB970100C73F5D /* Default@2x.png in Resources */,
				7176687D1E3D0F39005D39F0 /* ship_viking_0002.png in Resources */,
				717668831E3D0F39005D39F0 /* weapon_torpedo_0002.png in Resources */,
				717668821E3D0F39005D39F0 /* weapon_torpedo_0001.png in Resources */,
				50EF629917ECD46A001EB2F8 /* Icon-100.png in Resources */,
				717668771E3D0F39005D39F0 /* ship_menu_raptor.png in Resources */,
				5087E78317EB970100C73F5D /* Icon-152.png in Resources */,
				7176688C1E3D0F39005D39F0 /* weapon_torpedo_0011.png in Resources */,
				717668911E3D0F39005D39F0 /* weapon_torpedo_0016.png in Resources */,
				717668701E3D0F39005D39F0 /* explosion_0010.png in Resources */,
				5087E77D17EB970100C73F5D /* Default-568h@2x.png in Resources */,
				7176688E1E3D0F39005D39F0 /* weapon_torpedo_0013.png in Resources */,
				5087E78517EB970100C73F5D /* Icon-72.png in Resources */,
				717668741E3D0F39005D39F0 /* ship_astro_0002.png in Resources */,
				717668731E3D0F39005D39F0 /* ship_astro_0001.png in Resources */,
				717668761E3D0F39005D39F0 /* ship_menu_astro.png in Resources */,
				717668791E3D0F39005D39F0 /* ship_raptor_0001.png in Resources */,
				717668671E3D0F39005D39F0 /* explosion_0001.png in Resources */,
				521A8E6519F0C34300D177D7 /* Default-736h@3x.png in Resources */,
				7176686E1E3D0F39005D39F0 /* explosion_0008.png in Resources */,
				717668921E3D0F39005D39F0 /* weapon_torpedo_0017.png in Resources */,
				717668721E3D0F39005D39F0 /* fonts in Resources */,
				717668801E3D0F39005D39F0 /* title.png in Resources */,
				7176688A1E3D0F39005D39F0 /* weapon_torpedo_0009.png in Resources */,
				7176686D1E3D0F39005D39F0 /* explosion_0007.png in Resources */,
				7176687A1E3D0F39005D39F0 /* ship_raptor_0002.png in Resources */,
				7176688D1E3D0F39005D39F0 /* weapon_torpedo_0012.png in Resources */,
				7176686F1E3D0F39005D39F0 /* explosion_0009.png in Resources */,
				7176687B1E3D0F39005D39F0 /* ship_raptor_0003.png in Resources */,
				717668681E3D0F39005D39F0 /* explosion_0002.png in Resources */,
				717668871E3D0F39005D39F0 /* weapon_torpedo_0006.png in Resources */,
				7176687C1E3D0F39005D39F0 /* ship_viking_0001.png in Resources */,
				715FE3571E425305009E3B13 /* Fire_Button_Pressed.png in Resources */,
				715FE35B1E425305009E3B13 /* Thrust_Button_Pressed.png in Resources */,
				715FE3561E425305009E3B13 /* Fire_Button_Normal.png in Resources */,
				717668841E3D0F39005D39F0 /* weapon_torpedo_0003.png in Resources */,
				715FE3591E425305009E3B13 /* Left_Button_Pressed.png in Resources */,
				717668861E3D0F39005D39F0 /* weapon_torpedo_0005.png in Resources */,
				717668751E3D0F39005D39F0 /* ship_astro_0003.png in Resources */,
				717668901E3D0F39005D39F0 /* weapon_torpedo_0015.png in Resources */,
				50EF62A317ECD613001EB2F8 /* Icon-50.png in Resources */,
				5087E78017EB970100C73F5D /* Icon-114.png in Resources */,
				50EF62A217ECD613001EB2F8 /* Icon-29.png in Resources */,
				50EF629617ECD46A001EB2F8 /* Icon-40.png in Resources */,
				717668891E3D0F39005D39F0 /* weapon_torpedo_0008.png in Resources */,
				5087E78217EB970100C73F5D /* Icon-144.png in Resources */,
				715FE35A1E425305009E3B13 /* Thrust_Button_Normal.png in Resources */,
				7176687F1E3D0F39005D39F0 /* system_menu_sol.png in Resources */,
				717668651E3D0F39005D39F0 /* bg_starfield2.png in Resources */,
				717668811E3D0F39005D39F0 /* username_bg.png in Resources */,
				7176686C1E3D0F39005D39F0 /* explosion_0006.png in Resources */,
				717668881E3D0F39005D39F0 /* weapon_torpedo_0007.png in Resources */,
				717668711E3D0F39005D39F0 /* explosion_0011.png in Resources */,
				7176686B1E3D0F39005D39F0 /* explosion_0005.png in Resources */,
				50EF629817ECD46A001EB2F8 /* Icon-80.png in Resources */,
				5087E78417EB970100C73F5D /* Icon-57.png in Resources */,
				5087E77E17EB970100C73F5D /* Default.png in Resources */,
				717668691E3D0F39005D39F0 /* explosion_0003.png in Resources */,
				7176686A1E3D0F39005D39F0 /* explosion_0004.png in Resources */,
				717668931E3D0F39005D39F0 /* weapon_torpedo_0018.png in Resources */,
				521A8E6419F0C34300D177D7 /* Default-667h@2x.png in Resources */,
				50EF629717ECD46A001EB2F8 /* Icon-58.png in Resources */,
			);
			runOnlyForDeploymentPostprocessing = 0;
		};
		5087E74817EB910900C73F5D /* Resources */ = {
			isa = PBXResourcesBuildPhase;
			buildActionMask = 2147483647;
			files = (
				503AE0F817EB97AB00D1A890 /* Icon.icns in Resources */,
			);
			runOnlyForDeploymentPostprocessing = 0;
		};
/* End PBXResourcesBuildPhase section */

/* Begin PBXSourcesBuildPhase section */
		1D60588E0D05DD3D006BFB54 /* Sources */ = {
			isa = PBXSourcesBuildPhase;
			buildActionMask = 2147483647;
			files = (
				715FE34B1E425118009E3B13 /* WeaponShot.cpp in Sources */,
				46880B8819C43A87006E1F66 /* AppDelegate.cpp in Sources */,
				503AE10017EB989F00D1A890 /* AppController.mm in Sources */,
				7176689E1E3D0FC3005D39F0 /* GameItem.cpp in Sources */,
				503AE10217EB989F00D1A890 /* RootViewController.mm in Sources */,
				717668AF1E3D0FED005D39F0 /* LoginScene.cpp in Sources */,
				503AE10117EB989F00D1A890 /* main.m in Sources */,
				717668221E3D0E55005D39F0 /* ServerConnector.cpp in Sources */,
				7176689F1E3D0FC3005D39F0 /* Starship.cpp in Sources */,
				717668AE1E3D0FED005D39F0 /* GameScene.cpp in Sources */,
				715FE34A1E425118009E3B13 /* StarshipNode.cpp in Sources */,
				717668B01E3D0FED005D39F0 /* ShipScene.cpp in Sources */,
				717668AD1E3D0FED005D39F0 /* BaseScene.cpp in Sources */,
			);
			runOnlyForDeploymentPostprocessing = 0;
		};
		5087E75617EB910900C73F5D /* Sources */ = {
			isa = PBXSourcesBuildPhase;
			buildActionMask = 2147483647;
			files = (
				719FF8221E3E4E79007ED3AB /* GameItem.cpp in Sources */,
				719FF8231E3E4E79007ED3AB /* Starship.cpp in Sources */,
				719FF8241E3E4E79007ED3AB /* ServerConnector.cpp in Sources */,
				719FF81E1E3E4E71007ED3AB /* BaseScene.cpp in Sources */,
				719FF81F1E3E4E71007ED3AB /* GameScene.cpp in Sources */,
				719FF8201E3E4E71007ED3AB /* LoginScene.cpp in Sources */,
				719FF8211E3E4E71007ED3AB /* ShipScene.cpp in Sources */,
				46880B8919C43A87006E1F66 /* AppDelegate.cpp in Sources */,
				503AE10517EB98FF00D1A890 /* main.cpp in Sources */,
			);
			runOnlyForDeploymentPostprocessing = 0;
		};
/* End PBXSourcesBuildPhase section */

/* Begin PBXTargetDependency section */
		1AC6FB16180E9959004C840B /* PBXTargetDependency */ = {
			isa = PBXTargetDependency;
			name = "cocos2dx Mac";
			targetProxy = 1AC6FB15180E9959004C840B /* PBXContainerItemProxy */;
		};
		1AC6FB25180E99E1004C840B /* PBXTargetDependency */ = {
			isa = PBXTargetDependency;
			name = "cocos2dx iOS";
			targetProxy = 1AC6FB24180E99E1004C840B /* PBXContainerItemProxy */;
		};
		711D07051E3D3510006223B3 /* PBXTargetDependency */ = {
			isa = PBXTargetDependency;
			name = SmartFoxClientApi;
			targetProxy = 711D07041E3D3510006223B3 /* PBXContainerItemProxy */;
		};
/* End PBXTargetDependency section */

/* Begin XCBuildConfiguration section */
		1D6058940D05DD3E006BFB54 /* Debug */ = {
			isa = XCBuildConfiguration;
			buildSettings = {
				ALWAYS_SEARCH_USER_PATHS = YES;
				CODE_SIGN_IDENTITY = "iPhone Developer: Anh Dang (BLQT2CAGR2)";
				COMPRESS_PNG_FILES = NO;
				DEVELOPMENT_TEAM = TRL5CBGZHU;
				ENABLE_BITCODE = NO;
				GCC_DYNAMIC_NO_PIC = NO;
				GCC_INLINES_ARE_PRIVATE_EXTERN = NO;
				GCC_PRECOMPILE_PREFIX_HEADER = YES;
				GCC_PREFIX_HEADER = ios/Prefix.pch;
				GCC_PREPROCESSOR_DEFINITIONS = (
					USE_FILE32API,
					"COCOS2D_DEBUG=1",
					"CC_ENABLE_CHIPMUNK_INTEGRATION=1",
					_DEBUG,
				);
				GCC_SYMBOLS_PRIVATE_EXTERN = NO;
				HEADER_SEARCH_PATHS = (
					"$(inherited)",
					"\"$(SRCROOT)/../Classes\"",
					"\"$(SRCROOT)/../../../external/boost/ios/prefix/include\"",
					"\"$(SRCROOT)/../../../sfs-api\"",
				);
				INFOPLIST_FILE = ios/Info.plist;
				IPHONEOS_DEPLOYMENT_TARGET = 8.0;
				LIBRARY_SEARCH_PATHS = "\"$(SRCROOT)/../../../external/boost/ios/prefix/lib\"";
				OTHER_LDFLAGS = (
					"$(_COCOS_LIB_IOS_BEGIN)",
					"$(_COCOS_LIB_IOS_END)",
				);
				PRODUCT_BUNDLE_IDENTIFIER = net.gogame.testapp;
				PROVISIONING_PROFILE = "cfd6c2d7-61dd-4e7d-ae8f-aa818e278c3f";
				PROVISIONING_PROFILE_SPECIFIER = TestApp;
				SDKROOT = iphoneos;
				STRIP_PNG_TEXT = NO;
				TARGETED_DEVICE_FAMILY = "1,2";
				USER_HEADER_SEARCH_PATHS = "$(_COCOS_HEADER_IOS_BEGIN) $(_COCOS_HEADER_IOS_END)";
				VALID_ARCHS = "arm64 armv7";
			};
			name = Debug;
		};
		1D6058950D05DD3E006BFB54 /* Release */ = {
			isa = XCBuildConfiguration;
			buildSettings = {
				ALWAYS_SEARCH_USER_PATHS = YES;
				CODE_SIGN_IDENTITY = "iPhone Developer: Anh Dang (BLQT2CAGR2)";
				COMPRESS_PNG_FILES = NO;
				DEVELOPMENT_TEAM = TRL5CBGZHU;
				ENABLE_BITCODE = NO;
				GCC_INLINES_ARE_PRIVATE_EXTERN = NO;
				GCC_PRECOMPILE_PREFIX_HEADER = YES;
				GCC_PREFIX_HEADER = ios/Prefix.pch;
				GCC_PREPROCESSOR_DEFINITIONS = (
					USE_FILE32API,
					"CC_ENABLE_CHIPMUNK_INTEGRATION=1",
				);
				GCC_SYMBOLS_PRIVATE_EXTERN = NO;
				HEADER_SEARCH_PATHS = (
					"$(inherited)",
					"\"$(SRCROOT)/../Classes\"",
					"\"$(SRCROOT)/../../../external/boost/ios/prefix/include\"",
					"\"$(SRCROOT)/../../../sfs-api\"",
				);
				INFOPLIST_FILE = ios/Info.plist;
				IPHONEOS_DEPLOYMENT_TARGET = 8.0;
				LIBRARY_SEARCH_PATHS = "\"$(SRCROOT)/../../../external/boost/ios/prefix/lib\"";
				OTHER_LDFLAGS = (
					"$(_COCOS_LIB_IOS_BEGIN)",
					"$(_COCOS_LIB_IOS_END)",
				);
				PRODUCT_BUNDLE_IDENTIFIER = net.gogame.testapp;
				PROVISIONING_PROFILE = "cfd6c2d7-61dd-4e7d-ae8f-aa818e278c3f";
				PROVISIONING_PROFILE_SPECIFIER = TestApp;
				SDKROOT = iphoneos;
				STRIP_PNG_TEXT = NO;
				TARGETED_DEVICE_FAMILY = "1,2";
				USER_HEADER_SEARCH_PATHS = "$(_COCOS_HEADER_IOS_BEGIN) $(_COCOS_HEADER_IOS_END)";
				VALID_ARCHS = "arm64 armv7";
			};
			name = Release;
		};
		5087E76D17EB910900C73F5D /* Debug */ = {
			isa = XCBuildConfiguration;
			buildSettings = {
				ALWAYS_SEARCH_USER_PATHS = YES;
				ARCHS = "$(ARCHS_STANDARD_64_BIT)";
				CLANG_CXX_LANGUAGE_STANDARD = "c++0x";
				CLANG_CXX_LIBRARY = "libc++";
				GCC_DYNAMIC_NO_PIC = NO;
				GCC_INLINES_ARE_PRIVATE_EXTERN = NO;
				GCC_PRECOMPILE_PREFIX_HEADER = YES;
				GCC_PREFIX_HEADER = mac/Prefix.pch;
				GCC_PREPROCESSOR_DEFINITIONS = (
					USE_FILE32API,
					"COCOS2D_DEBUG=1",
					"CC_ENABLE_CHIPMUNK_INTEGRATION=1",
				);
				GCC_SYMBOLS_PRIVATE_EXTERN = NO;
				HEADER_SEARCH_PATHS = (
					"$(inherited)",
					"$(SRCROOT)/../cocos2d/external/glfw3/include/mac",
					"\"$(SRCROOT)/../../../sfs-api\"",
					"\"$(SRCROOT)/../../../sfs-api/Core/BoostAsio/Unix\"",
					"\"$(SRCROOT)/../../../sfs-api/Core/OpenSSL/Unix/include\"",
					"\"$(SRCROOT)/../Classes\"",
				);
				INFOPLIST_FILE = mac/Info.plist;
				LIBRARY_SEARCH_PATHS = (
					"\"$(SRCROOT)/../../../sfs-api/Core/OpenSSL/Unix/lib\"",
					"\"$(SRCROOT)/../../../sfs-api/Core/BoostAsio/Unix/stage/lib\"",
				);
				OTHER_LDFLAGS = (
					"$(_COCOS_LIB_MAC_BEGIN)",
					"$(_COCOS_LIB_MAC_END)",
				);
				USER_HEADER_SEARCH_PATHS = "$(_COCOS_HEADER_MAC_BEGIN) $(_COCOS_HEADER_MAC_END)";
			};
			name = Debug;
		};
		5087E76E17EB910900C73F5D /* Release */ = {
			isa = XCBuildConfiguration;
			buildSettings = {
				ALWAYS_SEARCH_USER_PATHS = YES;
				ARCHS = "$(ARCHS_STANDARD_64_BIT)";
				CLANG_CXX_LANGUAGE_STANDARD = "c++0x";
				CLANG_CXX_LIBRARY = "libc++";
				GCC_INLINES_ARE_PRIVATE_EXTERN = NO;
				GCC_PRECOMPILE_PREFIX_HEADER = YES;
				GCC_PREFIX_HEADER = mac/Prefix.pch;
				GCC_PREPROCESSOR_DEFINITIONS = (
					USE_FILE32API,
					"CC_ENABLE_CHIPMUNK_INTEGRATION=1",
				);
				GCC_SYMBOLS_PRIVATE_EXTERN = NO;
				HEADER_SEARCH_PATHS = (
					"$(inherited)",
					"$(SRCROOT)/../cocos2d/external/glfw3/include/mac",
					"\"$(SRCROOT)/../../../sfs-api\"",
					"\"$(SRCROOT)/../../../sfs-api/Core/BoostAsio/Unix\"",
					"\"$(SRCROOT)/../../../sfs-api/Core/OpenSSL/Unix/include\"",
					"\"$(SRCROOT)/../Classes\"",
				);
				INFOPLIST_FILE = mac/Info.plist;
				LIBRARY_SEARCH_PATHS = (
					"\"$(SRCROOT)/../../../sfs-api/Core/OpenSSL/Unix/lib\"",
					"\"$(SRCROOT)/../../../sfs-api/Core/BoostAsio/Unix/stage/lib\"",
				);
				OTHER_LDFLAGS = (
					"$(_COCOS_LIB_MAC_BEGIN)",
					"$(_COCOS_LIB_MAC_END)",
				);
				USER_HEADER_SEARCH_PATHS = "$(_COCOS_HEADER_MAC_BEGIN) $(_COCOS_HEADER_MAC_END)";
			};
			name = Release;
		};
		C01FCF4F08A954540054247B /* Debug */ = {
			isa = XCBuildConfiguration;
			buildSettings = {
				CLANG_CXX_LANGUAGE_STANDARD = "c++0x";
				CLANG_CXX_LIBRARY = "libc++";
				COPY_PHASE_STRIP = NO;
				GCC_OPTIMIZATION_LEVEL = 0;
				GCC_WARN_ABOUT_RETURN_TYPE = YES;
				GCC_WARN_UNUSED_VARIABLE = YES;
				HEADER_SEARCH_PATHS = (
					"$(SRCROOT)/../cocos2d",
					"$(SRCROOT)/../cocos2d/cocos/audio/include",
					"$(SRCROOT)/../cocos2d/cocos",
					"$(SRCROOT)/../cocos2d/extensions",
					"$(SRCROOT)/../cocos2d/external",
					"$(SRCROOT)/../cocos2d/external/chipmunk/include/chipmunk",
				);
				IPHONEOS_DEPLOYMENT_TARGET = 6.0;
				MACOSX_DEPLOYMENT_TARGET = 10.7;
				ONLY_ACTIVE_ARCH = YES;
				PRODUCT_NAME = "$(TARGET_NAME)";
				SDKROOT = macosx;
			};
			name = Debug;
		};
		C01FCF5008A954540054247B /* Release */ = {
			isa = XCBuildConfiguration;
			buildSettings = {
				CLANG_CXX_LANGUAGE_STANDARD = "c++0x";
				CLANG_CXX_LIBRARY = "libc++";
				GCC_WARN_ABOUT_RETURN_TYPE = YES;
				GCC_WARN_UNUSED_VARIABLE = YES;
				HEADER_SEARCH_PATHS = (
					"$(SRCROOT)/../cocos2d",
					"$(SRCROOT)/../cocos2d/cocos/audio/include",
					"$(SRCROOT)/../cocos2d/cocos",
					"$(SRCROOT)/../cocos2d/extensions",
					"$(SRCROOT)/../cocos2d/external",
					"$(SRCROOT)/../cocos2d/external/chipmunk/include/chipmunk",
				);
				IPHONEOS_DEPLOYMENT_TARGET = 6.0;
				MACOSX_DEPLOYMENT_TARGET = 10.7;
				OTHER_CFLAGS = "-DNS_BLOCK_ASSERTIONS=1";
				PRODUCT_NAME = "$(TARGET_NAME)";
				SDKROOT = macosx;
				VALIDATE_PRODUCT = YES;
			};
			name = Release;
		};
/* End XCBuildConfiguration section */

/* Begin XCConfigurationList section */
		1D6058960D05DD3E006BFB54 /* Build configuration list for PBXNativeTarget "SpaceWar-mobile" */ = {
			isa = XCConfigurationList;
			buildConfigurations = (
				1D6058940D05DD3E006BFB54 /* Debug */,
				1D6058950D05DD3E006BFB54 /* Release */,
			);
			defaultConfigurationIsVisible = 0;
			defaultConfigurationName = Debug;
		};
		5087E76C17EB910900C73F5D /* Build configuration list for PBXNativeTarget "SpaceWar-desktop" */ = {
			isa = XCConfigurationList;
			buildConfigurations = (
				5087E76D17EB910900C73F5D /* Debug */,
				5087E76E17EB910900C73F5D /* Release */,
			);
			defaultConfigurationIsVisible = 0;
			defaultConfigurationName = Debug;
		};
		C01FCF4E08A954540054247B /* Build configuration list for PBXProject "SpaceWar" */ = {
			isa = XCConfigurationList;
			buildConfigurations = (
				C01FCF4F08A954540054247B /* Debug */,
				C01FCF5008A954540054247B /* Release */,
			);
			defaultConfigurationIsVisible = 0;
			defaultConfigurationName = Debug;
		};
/* End XCConfigurationList section */
	};
	rootObject = 29B97313FDCFA39411CA2CEA /* Project object */;
}
